// !$*UTF8*$!
{
	archiveVersion = 1;
	classes = {
	};
	objectVersion = 56;
	objects = {

/* Begin PBXBuildFile section */
		27058ECC2B0656ED00C107F9 /* KakaoService.swift in Sources */ = {isa = PBXBuildFile; fileRef = 27058ECB2B0656ED00C107F9 /* KakaoService.swift */; };
		27058ED12B06814F00C107F9 /* SearchCoordinator.swift in Sources */ = {isa = PBXBuildFile; fileRef = 27058ED02B06814F00C107F9 /* SearchCoordinator.swift */; };
		272918572AFA60A9009C9042 /* UserService.swift in Sources */ = {isa = PBXBuildFile; fileRef = 272918562AFA60A9009C9042 /* UserService.swift */; };
		2729185B2B022E84009C9042 /* SearchViewController.swift in Sources */ = {isa = PBXBuildFile; fileRef = 2729185A2B022E84009C9042 /* SearchViewController.swift */; };
		2729185D2B023682009C9042 /* SearchModel.swift in Sources */ = {isa = PBXBuildFile; fileRef = 2729185C2B023682009C9042 /* SearchModel.swift */; };
		2729185F2B0236A7009C9042 /* SearchViewModel.swift in Sources */ = {isa = PBXBuildFile; fileRef = 2729185E2B0236A7009C9042 /* SearchViewModel.swift */; };
		2729186F2B035CFE009C9042 /* SearchTableViewCell.swift in Sources */ = {isa = PBXBuildFile; fileRef = 2729186E2B035CFE009C9042 /* SearchTableViewCell.swift */; };
		272B448B2ADD375700ACEC41 /* GoogleSignIn in Frameworks */ = {isa = PBXBuildFile; productRef = 272B448A2ADD375700ACEC41 /* GoogleSignIn */; };
		272B448D2ADD375700ACEC41 /* GoogleSignInSwift in Frameworks */ = {isa = PBXBuildFile; productRef = 272B448C2ADD375700ACEC41 /* GoogleSignInSwift */; };
		2736744D2AC3061C003ADE3F /* AppDelegate.swift in Sources */ = {isa = PBXBuildFile; fileRef = 2736744C2AC3061C003ADE3F /* AppDelegate.swift */; };
		2736744F2AC3061C003ADE3F /* SceneDelegate.swift in Sources */ = {isa = PBXBuildFile; fileRef = 2736744E2AC3061C003ADE3F /* SceneDelegate.swift */; };
		273674562AC3061E003ADE3F /* Assets.xcassets in Resources */ = {isa = PBXBuildFile; fileRef = 273674552AC3061E003ADE3F /* Assets.xcassets */; };
		273674592AC3061E003ADE3F /* LaunchScreen.storyboard in Resources */ = {isa = PBXBuildFile; fileRef = 273674572AC3061E003ADE3F /* LaunchScreen.storyboard */; };
		273674622AC306D6003ADE3F /* SnapKit in Frameworks */ = {isa = PBXBuildFile; productRef = 273674612AC306D6003ADE3F /* SnapKit */; };
		273674672AC306F0003ADE3F /* Then in Frameworks */ = {isa = PBXBuildFile; productRef = 273674662AC306F0003ADE3F /* Then */; };
		2736746A2AC3071A003ADE3F /* RxCocoa in Frameworks */ = {isa = PBXBuildFile; productRef = 273674692AC3071A003ADE3F /* RxCocoa */; };
		2736746C2AC3071A003ADE3F /* RxSwift in Frameworks */ = {isa = PBXBuildFile; productRef = 2736746B2AC3071A003ADE3F /* RxSwift */; };
		2736746F2AC30786003ADE3F /* RxAlamofire in Frameworks */ = {isa = PBXBuildFile; productRef = 2736746E2AC30786003ADE3F /* RxAlamofire */; };
		273674722AC307D6003ADE3F /* FirebaseAuth in Frameworks */ = {isa = PBXBuildFile; productRef = 273674712AC307D6003ADE3F /* FirebaseAuth */; };
		273674742AC307D6003ADE3F /* FirebaseFirestore in Frameworks */ = {isa = PBXBuildFile; productRef = 273674732AC307D6003ADE3F /* FirebaseFirestore */; };
		273674762AC307D6003ADE3F /* FirebaseFirestoreSwift in Frameworks */ = {isa = PBXBuildFile; productRef = 273674752AC307D6003ADE3F /* FirebaseFirestoreSwift */; };
		273674832AC308D1003ADE3F /* RecruitModel.swift in Sources */ = {isa = PBXBuildFile; fileRef = 273674802AC308D1003ADE3F /* RecruitModel.swift */; };
		273674842AC308D1003ADE3F /* FieldModel.swift in Sources */ = {isa = PBXBuildFile; fileRef = 273674812AC308D1003ADE3F /* FieldModel.swift */; };
		274C21C42ACFE932005469E6 /* LoginViewModel.swift in Sources */ = {isa = PBXBuildFile; fileRef = 274C21C32ACFE932005469E6 /* LoginViewModel.swift */; };
		274C21C72ACFF902005469E6 /* TextFieldDelegateHandler.swift in Sources */ = {isa = PBXBuildFile; fileRef = 274C21C62ACFF901005469E6 /* TextFieldDelegateHandler.swift */; };
		274C22112AD6D6EF005469E6 /* HomeTableViewCell.swift in Sources */ = {isa = PBXBuildFile; fileRef = 274C22102AD6D6EF005469E6 /* HomeTableViewCell.swift */; };
		274C22132AD7C16A005469E6 /* HomeViewModel.swift in Sources */ = {isa = PBXBuildFile; fileRef = 274C22122AD7C169005469E6 /* HomeViewModel.swift */; };
		6609C5332ACE8B0E00798632 /* MapViewController+.swift in Sources */ = {isa = PBXBuildFile; fileRef = 6609C5322ACE8B0E00798632 /* MapViewController+.swift */; };
		6609C5352ACE8D3600798632 /* MapViewModel.swift in Sources */ = {isa = PBXBuildFile; fileRef = 6609C5342ACE8D3600798632 /* MapViewModel.swift */; };
		6609C5372ACFCCCD00798632 /* MapModel.swift in Sources */ = {isa = PBXBuildFile; fileRef = 6609C5362ACFCCCD00798632 /* MapModel.swift */; };
		663417CA2AD682AB002FE2CA /* Firebase.swift in Sources */ = {isa = PBXBuildFile; fileRef = 663417C92AD682AB002FE2CA /* Firebase.swift */; };
		663417CC2AD68413002FE2CA /* Constants.swift in Sources */ = {isa = PBXBuildFile; fileRef = 663417CB2AD68413002FE2CA /* Constants.swift */; };
		6650C7372AC9ED6F00055571 /* KakaoMapsSDK_SPM in Frameworks */ = {isa = PBXBuildFile; productRef = 6650C7362AC9ED6F00055571 /* KakaoMapsSDK_SPM */; };
		66656F9D2AD9219F00AE1AFA /* FieldDetailViewController.swift in Sources */ = {isa = PBXBuildFile; fileRef = 66656F9C2AD9219F00AE1AFA /* FieldDetailViewController.swift */; };
		66656F9F2AD921D700AE1AFA /* FieldDetailViewModel.swift in Sources */ = {isa = PBXBuildFile; fileRef = 66656F9E2AD921D700AE1AFA /* FieldDetailViewModel.swift */; };
		66656FA12ADD2FB800AE1AFA /* FieldRecruitTableViewCell.swift in Sources */ = {isa = PBXBuildFile; fileRef = 66656FA02ADD2FB800AE1AFA /* FieldRecruitTableViewCell.swift */; };
		668EE49C2AFC9E84007A8844 /* ChannelViewController.swift in Sources */ = {isa = PBXBuildFile; fileRef = 668EE49B2AFC9E84007A8844 /* ChannelViewController.swift */; };
		668EE49E2AFCABCA007A8844 /* ChannelViewModel.swift in Sources */ = {isa = PBXBuildFile; fileRef = 668EE49D2AFCABCA007A8844 /* ChannelViewModel.swift */; };
		668EE4A12AFCAC2C007A8844 /* MessageKit in Frameworks */ = {isa = PBXBuildFile; productRef = 668EE4A02AFCAC2C007A8844 /* MessageKit */; };
		668EE4A32AFCAC4B007A8844 /* ChannelInfoModel.swift in Sources */ = {isa = PBXBuildFile; fileRef = 668EE4A22AFCAC4B007A8844 /* ChannelInfoModel.swift */; };
		668EE4A52AFCB0C5007A8844 /* ImageMediaItemModel.swift in Sources */ = {isa = PBXBuildFile; fileRef = 668EE4A42AFCB0C5007A8844 /* ImageMediaItemModel.swift */; };
		668EE4A72AFCB120007A8844 /* MessageModel.swift in Sources */ = {isa = PBXBuildFile; fileRef = 668EE4A62AFCB120007A8844 /* MessageModel.swift */; };
		668EE4AA2AFCB8F2007A8844 /* SenderModel.swift in Sources */ = {isa = PBXBuildFile; fileRef = 668EE4A92AFCB8F2007A8844 /* SenderModel.swift */; };
		668EE4AC2AFCB919007A8844 /* StreamErrorModel.swift in Sources */ = {isa = PBXBuildFile; fileRef = 668EE4AB2AFCB919007A8844 /* StreamErrorModel.swift */; };
		668EE4B22AFCBC09007A8844 /* ChannelTableViewCell.swift in Sources */ = {isa = PBXBuildFile; fileRef = 668EE4B12AFCBC09007A8844 /* ChannelTableViewCell.swift */; };
		668EE4B42AFF552F007A8844 /* ChannelAPI.swift in Sources */ = {isa = PBXBuildFile; fileRef = 668EE4B32AFF552F007A8844 /* ChannelAPI.swift */; };
		668EE4B62AFF5E89007A8844 /* ChannelModel.swift in Sources */ = {isa = PBXBuildFile; fileRef = 668EE4B52AFF5E89007A8844 /* ChannelModel.swift */; };
		668EE4B82B01A60E007A8844 /* ChannelViewController+.swift in Sources */ = {isa = PBXBuildFile; fileRef = 668EE4B72B01A60E007A8844 /* ChannelViewController+.swift */; };
		668EE4BA2B04E37C007A8844 /* ChatAPI.swift in Sources */ = {isa = PBXBuildFile; fileRef = 668EE4B92B04E37C007A8844 /* ChatAPI.swift */; };
		668EE4BD2B04E3A6007A8844 /* FirebaseStorage in Frameworks */ = {isa = PBXBuildFile; productRef = 668EE4BC2B04E3A6007A8844 /* FirebaseStorage */; };
		668EE4BF2B0500D5007A8844 /* ChatViewController+.swift in Sources */ = {isa = PBXBuildFile; fileRef = 668EE4BE2B0500D5007A8844 /* ChatViewController+.swift */; };
		668EE4C12B050305007A8844 /* ImageMessageViewController.swift in Sources */ = {isa = PBXBuildFile; fileRef = 668EE4C02B050305007A8844 /* ImageMessageViewController.swift */; };
		668EE4C32B050373007A8844 /* ImageTransition.swift in Sources */ = {isa = PBXBuildFile; fileRef = 668EE4C22B050373007A8844 /* ImageTransition.swift */; };
		668EE4C52B05038B007A8844 /* DisMissAnimation.swift in Sources */ = {isa = PBXBuildFile; fileRef = 668EE4C42B05038B007A8844 /* DisMissAnimation.swift */; };
		668EE4C72B05048C007A8844 /* StorageAPI.swift in Sources */ = {isa = PBXBuildFile; fileRef = 668EE4C62B05048C007A8844 /* StorageAPI.swift */; };
		668EE4CA2B0504CB007A8844 /* Kingfisher in Frameworks */ = {isa = PBXBuildFile; productRef = 668EE4C92B0504CB007A8844 /* Kingfisher */; };
		669674882AC3E82B0067FD48 /* MainTabController.swift in Sources */ = {isa = PBXBuildFile; fileRef = 669674872AC3E82B0067FD48 /* MainTabController.swift */; };
		6696748F2AC3E9CE0067FD48 /* HomeViewController.swift in Sources */ = {isa = PBXBuildFile; fileRef = 6696748E2AC3E9CE0067FD48 /* HomeViewController.swift */; };
		669674912AC3E9D40067FD48 /* MapViewController.swift in Sources */ = {isa = PBXBuildFile; fileRef = 669674902AC3E9D40067FD48 /* MapViewController.swift */; };
		669674932AC3E9DF0067FD48 /* InfoViewController.swift in Sources */ = {isa = PBXBuildFile; fileRef = 669674922AC3E9DF0067FD48 /* InfoViewController.swift */; };
		66AE74FF2B1476A900D08B5C /* RxDataSources in Frameworks */ = {isa = PBXBuildFile; productRef = 66AE74FE2B1476A900D08B5C /* RxDataSources */; };
		66AE75032B14907C00D08B5C /* Differentiator in Frameworks */ = {isa = PBXBuildFile; productRef = 66AE75022B14907C00D08B5C /* Differentiator */; };
		66BD86E52AE646CB00B1B256 /* FieldDetailViewController+.swift in Sources */ = {isa = PBXBuildFile; fileRef = 66BD86E42AE646CB00B1B256 /* FieldDetailViewController+.swift */; };
		66C374362B0B010800DB2C2A /* FirebaseMessaging in Frameworks */ = {isa = PBXBuildFile; productRef = 66C374352B0B010800DB2C2A /* FirebaseMessaging */; };
		7929A30F2ADE4B45006ED4FA /* InputInfoViewController.swift in Sources */ = {isa = PBXBuildFile; fileRef = 7929A30E2ADE4B45006ED4FA /* InputInfoViewController.swift */; };
		7929A3112ADEAD35006ED4FA /* InputInfoView.swift in Sources */ = {isa = PBXBuildFile; fileRef = 7929A3102ADEAD35006ED4FA /* InputInfoView.swift */; };
		7929A3132ADEB319006ED4FA /* InputInfoViewController+.swift in Sources */ = {isa = PBXBuildFile; fileRef = 7929A3122ADEB319006ED4FA /* InputInfoViewController+.swift */; };
		7929A3182ADFECD9006ED4FA /* ApplicantListViewController.swift in Sources */ = {isa = PBXBuildFile; fileRef = 7929A3172ADFECD9006ED4FA /* ApplicantListViewController.swift */; };
		7929A31A2ADFED07006ED4FA /* ApplicantListTableViewCell.swift in Sources */ = {isa = PBXBuildFile; fileRef = 7929A3192ADFED07006ED4FA /* ApplicantListTableViewCell.swift */; };
		7929A31D2ADFFB15006ED4FA /* ApplicationStatusViewController+.swift in Sources */ = {isa = PBXBuildFile; fileRef = 7929A31C2ADFFB15006ED4FA /* ApplicationStatusViewController+.swift */; };
		7C141C622ADA5F38002CF180 /* LoginViewController.swift in Sources */ = {isa = PBXBuildFile; fileRef = 7C141C612ADA5F38002CF180 /* LoginViewController.swift */; };
		7C141C652ADA6008002CF180 /* KakaoSDK in Frameworks */ = {isa = PBXBuildFile; productRef = 7C141C642ADA6008002CF180 /* KakaoSDK */; };
		7C141C672ADA6008002CF180 /* KakaoSDKAuth in Frameworks */ = {isa = PBXBuildFile; productRef = 7C141C662ADA6008002CF180 /* KakaoSDKAuth */; };
		7C141C692ADA6008002CF180 /* KakaoSDKCommon in Frameworks */ = {isa = PBXBuildFile; productRef = 7C141C682ADA6008002CF180 /* KakaoSDKCommon */; };
		7C141C6B2ADA6008002CF180 /* KakaoSDKFriend in Frameworks */ = {isa = PBXBuildFile; productRef = 7C141C6A2ADA6008002CF180 /* KakaoSDKFriend */; };
		7C141C6D2ADA6008002CF180 /* KakaoSDKFriendCore in Frameworks */ = {isa = PBXBuildFile; productRef = 7C141C6C2ADA6008002CF180 /* KakaoSDKFriendCore */; };
		7C2B1AC72AF4B10B0052EC64 /* LoginCoordinator.swift in Sources */ = {isa = PBXBuildFile; fileRef = 7C2B1AC62AF4B10B0052EC64 /* LoginCoordinator.swift */; };
		7C2B1ACB2AF4B1530052EC64 /* MainTabBarCoordinator.swift in Sources */ = {isa = PBXBuildFile; fileRef = 7C2B1ACA2AF4B1530052EC64 /* MainTabBarCoordinator.swift */; };
		7C2B1ADE2AF4B2DA0052EC64 /* InputInfoCoordinator.swift in Sources */ = {isa = PBXBuildFile; fileRef = 7C2B1ADD2AF4B2DA0052EC64 /* InputInfoCoordinator.swift */; };
		7C2B1AE02AF4B5DB0052EC64 /* InputInfoViewModel.swift in Sources */ = {isa = PBXBuildFile; fileRef = 7C2B1ADF2AF4B5DB0052EC64 /* InputInfoViewModel.swift */; };
		7C2B1AE22AF4B6180052EC64 /* MainTabViewModel.swift in Sources */ = {isa = PBXBuildFile; fileRef = 7C2B1AE12AF4B6180052EC64 /* MainTabViewModel.swift */; };
		7C2B1AE52AF4BCA80052EC64 /* ChatViewController.swift in Sources */ = {isa = PBXBuildFile; fileRef = 7C2B1AE42AF4BCA80052EC64 /* ChatViewController.swift */; };
		7C2B1AE72AF4BCB40052EC64 /* ChatViewModel.swift in Sources */ = {isa = PBXBuildFile; fileRef = 7C2B1AE62AF4BCB40052EC64 /* ChatViewModel.swift */; };
		7C2B1AEC2AF4BD170052EC64 /* DetailViewModel.swift in Sources */ = {isa = PBXBuildFile; fileRef = 7C2B1AEB2AF4BD170052EC64 /* DetailViewModel.swift */; };
		7C2B1AF12AF4BD460052EC64 /* InviteViewModel.swift in Sources */ = {isa = PBXBuildFile; fileRef = 7C2B1AF02AF4BD460052EC64 /* InviteViewModel.swift */; };
		7C2B1AF72AF4BE160052EC64 /* ApplicantListViewModel.swift in Sources */ = {isa = PBXBuildFile; fileRef = 7C2B1AF62AF4BE160052EC64 /* ApplicantListViewModel.swift */; };
		7C2B1AFA2AF4C1C90052EC64 /* InviteViewController+.swift in Sources */ = {isa = PBXBuildFile; fileRef = 7C2B1AF92AF4C1C90052EC64 /* InviteViewController+.swift */; };
		7C2B1AFC2AF4CE8A0052EC64 /* AppCoordinator.swift in Sources */ = {isa = PBXBuildFile; fileRef = 7C2B1AFB2AF4CE8A0052EC64 /* AppCoordinator.swift */; };
		7C2B1AFE2AF4D28D0052EC64 /* HomeTabCoordinator.swift in Sources */ = {isa = PBXBuildFile; fileRef = 7C2B1AFD2AF4D28D0052EC64 /* HomeTabCoordinator.swift */; };
		7C2B1B002AF4D2B40052EC64 /* MapTabCoordinator.swift in Sources */ = {isa = PBXBuildFile; fileRef = 7C2B1AFF2AF4D2B40052EC64 /* MapTabCoordinator.swift */; };
		7C2B1B022AF4D2E30052EC64 /* ChatTabCoordinator.swift in Sources */ = {isa = PBXBuildFile; fileRef = 7C2B1B012AF4D2E30052EC64 /* ChatTabCoordinator.swift */; };
		7C2B1B042AF4D30D0052EC64 /* InfoTabCoordinator.swift in Sources */ = {isa = PBXBuildFile; fileRef = 7C2B1B032AF4D30D0052EC64 /* InfoTabCoordinator.swift */; };
		7C2F9FE32B25EFC200F1EF1B /* BookmarkPostViewController.swift in Sources */ = {isa = PBXBuildFile; fileRef = 7C2F9FE22B25EFC200F1EF1B /* BookmarkPostViewController.swift */; };
		7C2F9FE52B25EFE000F1EF1B /* WrittenPostViewController.swift in Sources */ = {isa = PBXBuildFile; fileRef = 7C2F9FE42B25EFE000F1EF1B /* WrittenPostViewController.swift */; };
		7C2F9FE72B25EFF500F1EF1B /* ApplicationPostViewController.swift in Sources */ = {isa = PBXBuildFile; fileRef = 7C2F9FE62B25EFF500F1EF1B /* ApplicationPostViewController.swift */; };
		7C2F9FE92B26E73200F1EF1B /* InfoPostViewModel.swift in Sources */ = {isa = PBXBuildFile; fileRef = 7C2F9FE82B26E73200F1EF1B /* InfoPostViewModel.swift */; };
		7C33060F2B109E780042A815 /* DetailView.swift in Sources */ = {isa = PBXBuildFile; fileRef = 7C33060E2B109E780042A815 /* DetailView.swift */; };
		7C5F775C2AC9C698004CE48F /* InviteViewController.swift in Sources */ = {isa = PBXBuildFile; fileRef = 7C5F775B2AC9C698004CE48F /* InviteViewController.swift */; };
		7C5F775E2AC9CE8A004CE48F /* DateCell.swift in Sources */ = {isa = PBXBuildFile; fileRef = 7C5F775D2AC9CE8A004CE48F /* DateCell.swift */; };
		7C5F77602AC9DA08004CE48F /* GroundTitleView.swift in Sources */ = {isa = PBXBuildFile; fileRef = 7C5F775F2AC9DA08004CE48F /* GroundTitleView.swift */; };
		7C5F77622AC9DB7B004CE48F /* PeopleCountView.swift in Sources */ = {isa = PBXBuildFile; fileRef = 7C5F77612AC9DB7B004CE48F /* PeopleCountView.swift */; };
		7C5F77642AC9E180004CE48F /* UIView+.swift in Sources */ = {isa = PBXBuildFile; fileRef = 7C5F77632AC9E180004CE48F /* UIView+.swift */; };
		7C94EBD52B01BF0600A7E42A /* InfoViewModel.swift in Sources */ = {isa = PBXBuildFile; fileRef = 7C94EBD42B01BF0600A7E42A /* InfoViewModel.swift */; };
		7CB21BA32AC94D36001D0058 /* DetailViewController.swift in Sources */ = {isa = PBXBuildFile; fileRef = 7CB21BA22AC94D36001D0058 /* DetailViewController.swift */; };
		7CB21BA52AC94EE4001D0058 /* DetailUserInfoView.swift in Sources */ = {isa = PBXBuildFile; fileRef = 7CB21BA42AC94EE4001D0058 /* DetailUserInfoView.swift */; };
		7CBFED6C2AE6477700915D65 /* CalenderViewController.swift in Sources */ = {isa = PBXBuildFile; fileRef = 7CBFED6B2AE6477700915D65 /* CalenderViewController.swift */; };
		7CBFED732AE69B6100915D65 /* GoogleService-Info.plist in Resources */ = {isa = PBXBuildFile; fileRef = 7CBFED722AE69B6000915D65 /* GoogleService-Info.plist */; };
		7CBFED752AE69FE400915D65 /* UserModel.swift in Sources */ = {isa = PBXBuildFile; fileRef = 7CBFED742AE69FE400915D65 /* UserModel.swift */; };
		7CC619742AD433760085DF90 /* ProfileAndEditView.swift in Sources */ = {isa = PBXBuildFile; fileRef = 7CC619732AD433760085DF90 /* ProfileAndEditView.swift */; };
		7CC619762AD448A90085DF90 /* InfoCell.swift in Sources */ = {isa = PBXBuildFile; fileRef = 7CC619752AD448A90085DF90 /* InfoCell.swift */; };
		7CC619782AD460D80085DF90 /* InfoArrangedView.swift in Sources */ = {isa = PBXBuildFile; fileRef = 7CC619772AD460D80085DF90 /* InfoArrangedView.swift */; };
		7CE0143E2AF8C5B700ED77D2 /* EditViewController.swift in Sources */ = {isa = PBXBuildFile; fileRef = 7CE0143D2AF8C5B700ED77D2 /* EditViewController.swift */; };
		7CE014402AF8C5C300ED77D2 /* SettingViewController.swift in Sources */ = {isa = PBXBuildFile; fileRef = 7CE0143F2AF8C5C300ED77D2 /* SettingViewController.swift */; };
		7CE25AE62ACABF620014132F /* AFButton.swift in Sources */ = {isa = PBXBuildFile; fileRef = 7CE25AE52ACABF620014132F /* AFButton.swift */; };
		7CE2B4F72B06142B00ECF71C /* InviteCoordinator.swift in Sources */ = {isa = PBXBuildFile; fileRef = 7CE2B4F62B06142B00ECF71C /* InviteCoordinator.swift */; };
		7CE2B4F92B073B3500ECF71C /* DetailCoordinator.swift in Sources */ = {isa = PBXBuildFile; fileRef = 7CE2B4F82B073B3500ECF71C /* DetailCoordinator.swift */; };
		7CE563AA2AD140A9005DE2DF /* LayoutOptions.swift in Sources */ = {isa = PBXBuildFile; fileRef = 7CE563A92AD140A9005DE2DF /* LayoutOptions.swift */; };
/* End PBXBuildFile section */

/* Begin PBXFileReference section */
		27058ECB2B0656ED00C107F9 /* KakaoService.swift */ = {isa = PBXFileReference; lastKnownFileType = sourcecode.swift; path = KakaoService.swift; sourceTree = "<group>"; };
		27058ED02B06814F00C107F9 /* SearchCoordinator.swift */ = {isa = PBXFileReference; lastKnownFileType = sourcecode.swift; path = SearchCoordinator.swift; sourceTree = "<group>"; };
		272918562AFA60A9009C9042 /* UserService.swift */ = {isa = PBXFileReference; lastKnownFileType = sourcecode.swift; path = UserService.swift; sourceTree = "<group>"; };
		2729185A2B022E84009C9042 /* SearchViewController.swift */ = {isa = PBXFileReference; lastKnownFileType = sourcecode.swift; path = SearchViewController.swift; sourceTree = "<group>"; };
		2729185C2B023682009C9042 /* SearchModel.swift */ = {isa = PBXFileReference; lastKnownFileType = sourcecode.swift; path = SearchModel.swift; sourceTree = "<group>"; };
		2729185E2B0236A7009C9042 /* SearchViewModel.swift */ = {isa = PBXFileReference; lastKnownFileType = sourcecode.swift; path = SearchViewModel.swift; sourceTree = "<group>"; };
		2729186E2B035CFE009C9042 /* SearchTableViewCell.swift */ = {isa = PBXFileReference; lastKnownFileType = sourcecode.swift; path = SearchTableViewCell.swift; sourceTree = "<group>"; };
		273674492AC3061C003ADE3F /* Around-Football.app */ = {isa = PBXFileReference; explicitFileType = wrapper.application; includeInIndex = 0; path = "Around-Football.app"; sourceTree = BUILT_PRODUCTS_DIR; };
		2736744C2AC3061C003ADE3F /* AppDelegate.swift */ = {isa = PBXFileReference; lastKnownFileType = sourcecode.swift; path = AppDelegate.swift; sourceTree = "<group>"; };
		2736744E2AC3061C003ADE3F /* SceneDelegate.swift */ = {isa = PBXFileReference; lastKnownFileType = sourcecode.swift; path = SceneDelegate.swift; sourceTree = "<group>"; };
		273674552AC3061E003ADE3F /* Assets.xcassets */ = {isa = PBXFileReference; lastKnownFileType = folder.assetcatalog; path = Assets.xcassets; sourceTree = "<group>"; };
		273674582AC3061E003ADE3F /* Base */ = {isa = PBXFileReference; lastKnownFileType = file.storyboard; name = Base; path = Base.lproj/LaunchScreen.storyboard; sourceTree = "<group>"; };
		2736745A2AC3061E003ADE3F /* Info.plist */ = {isa = PBXFileReference; lastKnownFileType = text.plist.xml; path = Info.plist; sourceTree = "<group>"; };
		273674802AC308D1003ADE3F /* RecruitModel.swift */ = {isa = PBXFileReference; fileEncoding = 4; lastKnownFileType = sourcecode.swift; path = RecruitModel.swift; sourceTree = "<group>"; };
		273674812AC308D1003ADE3F /* FieldModel.swift */ = {isa = PBXFileReference; fileEncoding = 4; lastKnownFileType = sourcecode.swift; path = FieldModel.swift; sourceTree = "<group>"; };
		274C21C32ACFE932005469E6 /* LoginViewModel.swift */ = {isa = PBXFileReference; lastKnownFileType = sourcecode.swift; path = LoginViewModel.swift; sourceTree = "<group>"; };
		274C21C62ACFF901005469E6 /* TextFieldDelegateHandler.swift */ = {isa = PBXFileReference; lastKnownFileType = sourcecode.swift; path = TextFieldDelegateHandler.swift; sourceTree = "<group>"; };
		274C22102AD6D6EF005469E6 /* HomeTableViewCell.swift */ = {isa = PBXFileReference; lastKnownFileType = sourcecode.swift; path = HomeTableViewCell.swift; sourceTree = "<group>"; };
		274C22122AD7C169005469E6 /* HomeViewModel.swift */ = {isa = PBXFileReference; lastKnownFileType = sourcecode.swift; path = HomeViewModel.swift; sourceTree = "<group>"; };
		6609C5322ACE8B0E00798632 /* MapViewController+.swift */ = {isa = PBXFileReference; lastKnownFileType = sourcecode.swift; path = "MapViewController+.swift"; sourceTree = "<group>"; };
		6609C5342ACE8D3600798632 /* MapViewModel.swift */ = {isa = PBXFileReference; lastKnownFileType = sourcecode.swift; path = MapViewModel.swift; sourceTree = "<group>"; };
		6609C5362ACFCCCD00798632 /* MapModel.swift */ = {isa = PBXFileReference; lastKnownFileType = sourcecode.swift; path = MapModel.swift; sourceTree = "<group>"; };
		663417C92AD682AB002FE2CA /* Firebase.swift */ = {isa = PBXFileReference; lastKnownFileType = sourcecode.swift; path = Firebase.swift; sourceTree = "<group>"; };
		663417CB2AD68413002FE2CA /* Constants.swift */ = {isa = PBXFileReference; lastKnownFileType = sourcecode.swift; path = Constants.swift; sourceTree = "<group>"; };
		66656F9C2AD9219F00AE1AFA /* FieldDetailViewController.swift */ = {isa = PBXFileReference; lastKnownFileType = sourcecode.swift; path = FieldDetailViewController.swift; sourceTree = "<group>"; };
		66656F9E2AD921D700AE1AFA /* FieldDetailViewModel.swift */ = {isa = PBXFileReference; lastKnownFileType = sourcecode.swift; path = FieldDetailViewModel.swift; sourceTree = "<group>"; };
		66656FA02ADD2FB800AE1AFA /* FieldRecruitTableViewCell.swift */ = {isa = PBXFileReference; lastKnownFileType = sourcecode.swift; path = FieldRecruitTableViewCell.swift; sourceTree = "<group>"; };
		668EE49B2AFC9E84007A8844 /* ChannelViewController.swift */ = {isa = PBXFileReference; lastKnownFileType = sourcecode.swift; path = ChannelViewController.swift; sourceTree = "<group>"; };
		668EE49D2AFCABCA007A8844 /* ChannelViewModel.swift */ = {isa = PBXFileReference; lastKnownFileType = sourcecode.swift; path = ChannelViewModel.swift; sourceTree = "<group>"; };
		668EE4A22AFCAC4B007A8844 /* ChannelInfoModel.swift */ = {isa = PBXFileReference; lastKnownFileType = sourcecode.swift; path = ChannelInfoModel.swift; sourceTree = "<group>"; };
		668EE4A42AFCB0C5007A8844 /* ImageMediaItemModel.swift */ = {isa = PBXFileReference; lastKnownFileType = sourcecode.swift; path = ImageMediaItemModel.swift; sourceTree = "<group>"; };
		668EE4A62AFCB120007A8844 /* MessageModel.swift */ = {isa = PBXFileReference; lastKnownFileType = sourcecode.swift; path = MessageModel.swift; sourceTree = "<group>"; };
		668EE4A92AFCB8F2007A8844 /* SenderModel.swift */ = {isa = PBXFileReference; lastKnownFileType = sourcecode.swift; path = SenderModel.swift; sourceTree = "<group>"; };
		668EE4AB2AFCB919007A8844 /* StreamErrorModel.swift */ = {isa = PBXFileReference; lastKnownFileType = sourcecode.swift; path = StreamErrorModel.swift; sourceTree = "<group>"; };
		668EE4B12AFCBC09007A8844 /* ChannelTableViewCell.swift */ = {isa = PBXFileReference; lastKnownFileType = sourcecode.swift; path = ChannelTableViewCell.swift; sourceTree = "<group>"; };
		668EE4B32AFF552F007A8844 /* ChannelAPI.swift */ = {isa = PBXFileReference; lastKnownFileType = sourcecode.swift; path = ChannelAPI.swift; sourceTree = "<group>"; };
		668EE4B52AFF5E89007A8844 /* ChannelModel.swift */ = {isa = PBXFileReference; lastKnownFileType = sourcecode.swift; path = ChannelModel.swift; sourceTree = "<group>"; };
		668EE4B72B01A60E007A8844 /* ChannelViewController+.swift */ = {isa = PBXFileReference; lastKnownFileType = sourcecode.swift; path = "ChannelViewController+.swift"; sourceTree = "<group>"; };
		668EE4B92B04E37C007A8844 /* ChatAPI.swift */ = {isa = PBXFileReference; lastKnownFileType = sourcecode.swift; path = ChatAPI.swift; sourceTree = "<group>"; };
		668EE4BE2B0500D5007A8844 /* ChatViewController+.swift */ = {isa = PBXFileReference; lastKnownFileType = sourcecode.swift; path = "ChatViewController+.swift"; sourceTree = "<group>"; };
		668EE4C02B050305007A8844 /* ImageMessageViewController.swift */ = {isa = PBXFileReference; lastKnownFileType = sourcecode.swift; path = ImageMessageViewController.swift; sourceTree = "<group>"; };
		668EE4C22B050373007A8844 /* ImageTransition.swift */ = {isa = PBXFileReference; lastKnownFileType = sourcecode.swift; path = ImageTransition.swift; sourceTree = "<group>"; };
		668EE4C42B05038B007A8844 /* DisMissAnimation.swift */ = {isa = PBXFileReference; lastKnownFileType = sourcecode.swift; path = DisMissAnimation.swift; sourceTree = "<group>"; };
		668EE4C62B05048C007A8844 /* StorageAPI.swift */ = {isa = PBXFileReference; lastKnownFileType = sourcecode.swift; path = StorageAPI.swift; sourceTree = "<group>"; };
		669674872AC3E82B0067FD48 /* MainTabController.swift */ = {isa = PBXFileReference; lastKnownFileType = sourcecode.swift; path = MainTabController.swift; sourceTree = "<group>"; };
		6696748E2AC3E9CE0067FD48 /* HomeViewController.swift */ = {isa = PBXFileReference; lastKnownFileType = sourcecode.swift; path = HomeViewController.swift; sourceTree = "<group>"; };
		669674902AC3E9D40067FD48 /* MapViewController.swift */ = {isa = PBXFileReference; lastKnownFileType = sourcecode.swift; path = MapViewController.swift; sourceTree = "<group>"; };
		669674922AC3E9DF0067FD48 /* InfoViewController.swift */ = {isa = PBXFileReference; lastKnownFileType = sourcecode.swift; path = InfoViewController.swift; sourceTree = "<group>"; };
		66BD86E42AE646CB00B1B256 /* FieldDetailViewController+.swift */ = {isa = PBXFileReference; lastKnownFileType = sourcecode.swift; path = "FieldDetailViewController+.swift"; sourceTree = "<group>"; };
		7929A30E2ADE4B45006ED4FA /* InputInfoViewController.swift */ = {isa = PBXFileReference; lastKnownFileType = sourcecode.swift; path = InputInfoViewController.swift; sourceTree = "<group>"; };
		7929A3102ADEAD35006ED4FA /* InputInfoView.swift */ = {isa = PBXFileReference; lastKnownFileType = sourcecode.swift; path = InputInfoView.swift; sourceTree = "<group>"; };
		7929A3122ADEB319006ED4FA /* InputInfoViewController+.swift */ = {isa = PBXFileReference; lastKnownFileType = sourcecode.swift; path = "InputInfoViewController+.swift"; sourceTree = "<group>"; };
		7929A3172ADFECD9006ED4FA /* ApplicantListViewController.swift */ = {isa = PBXFileReference; lastKnownFileType = sourcecode.swift; path = ApplicantListViewController.swift; sourceTree = "<group>"; };
		7929A3192ADFED07006ED4FA /* ApplicantListTableViewCell.swift */ = {isa = PBXFileReference; lastKnownFileType = sourcecode.swift; path = ApplicantListTableViewCell.swift; sourceTree = "<group>"; };
		7929A31C2ADFFB15006ED4FA /* ApplicationStatusViewController+.swift */ = {isa = PBXFileReference; lastKnownFileType = sourcecode.swift; path = "ApplicationStatusViewController+.swift"; sourceTree = "<group>"; };
		7C141C612ADA5F38002CF180 /* LoginViewController.swift */ = {isa = PBXFileReference; lastKnownFileType = sourcecode.swift; path = LoginViewController.swift; sourceTree = "<group>"; };
		7C2B1AC62AF4B10B0052EC64 /* LoginCoordinator.swift */ = {isa = PBXFileReference; lastKnownFileType = sourcecode.swift; path = LoginCoordinator.swift; sourceTree = "<group>"; };
		7C2B1ACA2AF4B1530052EC64 /* MainTabBarCoordinator.swift */ = {isa = PBXFileReference; lastKnownFileType = sourcecode.swift; path = MainTabBarCoordinator.swift; sourceTree = "<group>"; };
		7C2B1ADD2AF4B2DA0052EC64 /* InputInfoCoordinator.swift */ = {isa = PBXFileReference; lastKnownFileType = sourcecode.swift; path = InputInfoCoordinator.swift; sourceTree = "<group>"; };
		7C2B1ADF2AF4B5DB0052EC64 /* InputInfoViewModel.swift */ = {isa = PBXFileReference; lastKnownFileType = sourcecode.swift; path = InputInfoViewModel.swift; sourceTree = "<group>"; };
		7C2B1AE12AF4B6180052EC64 /* MainTabViewModel.swift */ = {isa = PBXFileReference; lastKnownFileType = sourcecode.swift; path = MainTabViewModel.swift; sourceTree = "<group>"; };
		7C2B1AE42AF4BCA80052EC64 /* ChatViewController.swift */ = {isa = PBXFileReference; lastKnownFileType = sourcecode.swift; path = ChatViewController.swift; sourceTree = "<group>"; };
		7C2B1AE62AF4BCB40052EC64 /* ChatViewModel.swift */ = {isa = PBXFileReference; lastKnownFileType = sourcecode.swift; path = ChatViewModel.swift; sourceTree = "<group>"; };
		7C2B1AEB2AF4BD170052EC64 /* DetailViewModel.swift */ = {isa = PBXFileReference; lastKnownFileType = sourcecode.swift; path = DetailViewModel.swift; sourceTree = "<group>"; };
		7C2B1AF02AF4BD460052EC64 /* InviteViewModel.swift */ = {isa = PBXFileReference; lastKnownFileType = sourcecode.swift; path = InviteViewModel.swift; sourceTree = "<group>"; };
		7C2B1AF62AF4BE160052EC64 /* ApplicantListViewModel.swift */ = {isa = PBXFileReference; lastKnownFileType = sourcecode.swift; path = ApplicantListViewModel.swift; sourceTree = "<group>"; };
		7C2B1AF92AF4C1C90052EC64 /* InviteViewController+.swift */ = {isa = PBXFileReference; lastKnownFileType = sourcecode.swift; path = "InviteViewController+.swift"; sourceTree = "<group>"; };
		7C2B1AFB2AF4CE8A0052EC64 /* AppCoordinator.swift */ = {isa = PBXFileReference; lastKnownFileType = sourcecode.swift; path = AppCoordinator.swift; sourceTree = "<group>"; };
		7C2B1AFD2AF4D28D0052EC64 /* HomeTabCoordinator.swift */ = {isa = PBXFileReference; lastKnownFileType = sourcecode.swift; path = HomeTabCoordinator.swift; sourceTree = "<group>"; };
		7C2B1AFF2AF4D2B40052EC64 /* MapTabCoordinator.swift */ = {isa = PBXFileReference; lastKnownFileType = sourcecode.swift; path = MapTabCoordinator.swift; sourceTree = "<group>"; };
		7C2B1B012AF4D2E30052EC64 /* ChatTabCoordinator.swift */ = {isa = PBXFileReference; lastKnownFileType = sourcecode.swift; path = ChatTabCoordinator.swift; sourceTree = "<group>"; };
		7C2B1B032AF4D30D0052EC64 /* InfoTabCoordinator.swift */ = {isa = PBXFileReference; lastKnownFileType = sourcecode.swift; path = InfoTabCoordinator.swift; sourceTree = "<group>"; };
		7C2F9FE22B25EFC200F1EF1B /* BookmarkPostViewController.swift */ = {isa = PBXFileReference; lastKnownFileType = sourcecode.swift; path = BookmarkPostViewController.swift; sourceTree = "<group>"; };
		7C2F9FE42B25EFE000F1EF1B /* WrittenPostViewController.swift */ = {isa = PBXFileReference; lastKnownFileType = sourcecode.swift; path = WrittenPostViewController.swift; sourceTree = "<group>"; };
		7C2F9FE62B25EFF500F1EF1B /* ApplicationPostViewController.swift */ = {isa = PBXFileReference; lastKnownFileType = sourcecode.swift; path = ApplicationPostViewController.swift; sourceTree = "<group>"; };
		7C2F9FE82B26E73200F1EF1B /* InfoPostViewModel.swift */ = {isa = PBXFileReference; lastKnownFileType = sourcecode.swift; path = InfoPostViewModel.swift; sourceTree = "<group>"; };
		7C33060E2B109E780042A815 /* DetailView.swift */ = {isa = PBXFileReference; lastKnownFileType = sourcecode.swift; path = DetailView.swift; sourceTree = "<group>"; };
		7C5F775B2AC9C698004CE48F /* InviteViewController.swift */ = {isa = PBXFileReference; lastKnownFileType = sourcecode.swift; path = InviteViewController.swift; sourceTree = "<group>"; };
		7C5F775D2AC9CE8A004CE48F /* DateCell.swift */ = {isa = PBXFileReference; lastKnownFileType = sourcecode.swift; path = DateCell.swift; sourceTree = "<group>"; };
		7C5F775F2AC9DA08004CE48F /* GroundTitleView.swift */ = {isa = PBXFileReference; lastKnownFileType = sourcecode.swift; path = GroundTitleView.swift; sourceTree = "<group>"; };
		7C5F77612AC9DB7B004CE48F /* PeopleCountView.swift */ = {isa = PBXFileReference; lastKnownFileType = sourcecode.swift; path = PeopleCountView.swift; sourceTree = "<group>"; };
		7C5F77632AC9E180004CE48F /* UIView+.swift */ = {isa = PBXFileReference; lastKnownFileType = sourcecode.swift; path = "UIView+.swift"; sourceTree = "<group>"; };
		7C78830C2ADE54970028D555 /* Around-Football.entitlements */ = {isa = PBXFileReference; lastKnownFileType = text.plist.entitlements; path = "Around-Football.entitlements"; sourceTree = "<group>"; };
		7C94EBD42B01BF0600A7E42A /* InfoViewModel.swift */ = {isa = PBXFileReference; lastKnownFileType = sourcecode.swift; path = InfoViewModel.swift; sourceTree = "<group>"; };
		7CB21BA22AC94D36001D0058 /* DetailViewController.swift */ = {isa = PBXFileReference; lastKnownFileType = sourcecode.swift; path = DetailViewController.swift; sourceTree = "<group>"; };
		7CB21BA42AC94EE4001D0058 /* DetailUserInfoView.swift */ = {isa = PBXFileReference; lastKnownFileType = sourcecode.swift; path = DetailUserInfoView.swift; sourceTree = "<group>"; };
		7CBFED6B2AE6477700915D65 /* CalenderViewController.swift */ = {isa = PBXFileReference; lastKnownFileType = sourcecode.swift; path = CalenderViewController.swift; sourceTree = "<group>"; };
		7CBFED722AE69B6000915D65 /* GoogleService-Info.plist */ = {isa = PBXFileReference; fileEncoding = 4; lastKnownFileType = text.plist.xml; path = "GoogleService-Info.plist"; sourceTree = "<group>"; };
		7CBFED742AE69FE400915D65 /* UserModel.swift */ = {isa = PBXFileReference; lastKnownFileType = sourcecode.swift; path = UserModel.swift; sourceTree = "<group>"; };
		7CC619732AD433760085DF90 /* ProfileAndEditView.swift */ = {isa = PBXFileReference; lastKnownFileType = sourcecode.swift; path = ProfileAndEditView.swift; sourceTree = "<group>"; };
		7CC619752AD448A90085DF90 /* InfoCell.swift */ = {isa = PBXFileReference; lastKnownFileType = sourcecode.swift; path = InfoCell.swift; sourceTree = "<group>"; };
		7CC619772AD460D80085DF90 /* InfoArrangedView.swift */ = {isa = PBXFileReference; lastKnownFileType = sourcecode.swift; path = InfoArrangedView.swift; sourceTree = "<group>"; };
		7CE0143D2AF8C5B700ED77D2 /* EditViewController.swift */ = {isa = PBXFileReference; lastKnownFileType = sourcecode.swift; path = EditViewController.swift; sourceTree = "<group>"; };
		7CE0143F2AF8C5C300ED77D2 /* SettingViewController.swift */ = {isa = PBXFileReference; lastKnownFileType = sourcecode.swift; path = SettingViewController.swift; sourceTree = "<group>"; };
		7CE25AE52ACABF620014132F /* AFButton.swift */ = {isa = PBXFileReference; lastKnownFileType = sourcecode.swift; path = AFButton.swift; sourceTree = "<group>"; };
		7CE2B4F62B06142B00ECF71C /* InviteCoordinator.swift */ = {isa = PBXFileReference; lastKnownFileType = sourcecode.swift; path = InviteCoordinator.swift; sourceTree = "<group>"; };
		7CE2B4F82B073B3500ECF71C /* DetailCoordinator.swift */ = {isa = PBXFileReference; lastKnownFileType = sourcecode.swift; path = DetailCoordinator.swift; sourceTree = "<group>"; };
		7CE563A92AD140A9005DE2DF /* LayoutOptions.swift */ = {isa = PBXFileReference; lastKnownFileType = sourcecode.swift; path = LayoutOptions.swift; sourceTree = "<group>"; };
/* End PBXFileReference section */

/* Begin PBXFrameworksBuildPhase section */
		273674462AC3061C003ADE3F /* Frameworks */ = {
			isa = PBXFrameworksBuildPhase;
			buildActionMask = 2147483647;
			files = (
				7C141C6D2ADA6008002CF180 /* KakaoSDKFriendCore in Frameworks */,
				273674622AC306D6003ADE3F /* SnapKit in Frameworks */,
				66AE75032B14907C00D08B5C /* Differentiator in Frameworks */,
				7C141C652ADA6008002CF180 /* KakaoSDK in Frameworks */,
				6650C7372AC9ED6F00055571 /* KakaoMapsSDK_SPM in Frameworks */,
				7C141C6B2ADA6008002CF180 /* KakaoSDKFriend in Frameworks */,
				273674672AC306F0003ADE3F /* Then in Frameworks */,
				7C141C692ADA6008002CF180 /* KakaoSDKCommon in Frameworks */,
				2736746C2AC3071A003ADE3F /* RxSwift in Frameworks */,
				2736746F2AC30786003ADE3F /* RxAlamofire in Frameworks */,
				7C141C672ADA6008002CF180 /* KakaoSDKAuth in Frameworks */,
				668EE4A12AFCAC2C007A8844 /* MessageKit in Frameworks */,
				668EE4BD2B04E3A6007A8844 /* FirebaseStorage in Frameworks */,
				66C374362B0B010800DB2C2A /* FirebaseMessaging in Frameworks */,
				272B448B2ADD375700ACEC41 /* GoogleSignIn in Frameworks */,
				2736746A2AC3071A003ADE3F /* RxCocoa in Frameworks */,
				273674742AC307D6003ADE3F /* FirebaseFirestore in Frameworks */,
				273674722AC307D6003ADE3F /* FirebaseAuth in Frameworks */,
				273674762AC307D6003ADE3F /* FirebaseFirestoreSwift in Frameworks */,
				66AE74FF2B1476A900D08B5C /* RxDataSources in Frameworks */,
				668EE4CA2B0504CB007A8844 /* Kingfisher in Frameworks */,
				272B448D2ADD375700ACEC41 /* GoogleSignInSwift in Frameworks */,
			);
			runOnlyForDeploymentPostprocessing = 0;
		};
/* End PBXFrameworksBuildPhase section */

/* Begin PBXGroup section */
		27058ECD2B0680DF00C107F9 /* SearchScene */ = {
			isa = PBXGroup;
			children = (
				27058ED02B06814F00C107F9 /* SearchCoordinator.swift */,
				27058ECF2B06810000C107F9 /* ViewModel */,
				27058ECE2B0680FC00C107F9 /* View */,
			);
			path = SearchScene;
			sourceTree = "<group>";
		};
		27058ECE2B0680FC00C107F9 /* View */ = {
			isa = PBXGroup;
			children = (
				2729185A2B022E84009C9042 /* SearchViewController.swift */,
				2729186E2B035CFE009C9042 /* SearchTableViewCell.swift */,
			);
			path = View;
			sourceTree = "<group>";
		};
		27058ECF2B06810000C107F9 /* ViewModel */ = {
			isa = PBXGroup;
			children = (
				2729185E2B0236A7009C9042 /* SearchViewModel.swift */,
			);
			path = ViewModel;
			sourceTree = "<group>";
		};
		272918552AFA6087009C9042 /* Service */ = {
			isa = PBXGroup;
			children = (
				272918562AFA60A9009C9042 /* UserService.swift */,
			);
			path = Service;
			sourceTree = "<group>";
		};
		273674402AC3061C003ADE3F = {
			isa = PBXGroup;
			children = (
				2736744B2AC3061C003ADE3F /* Around-Football */,
				2736744A2AC3061C003ADE3F /* Products */,
				668EE4BB2B04E3A6007A8844 /* Frameworks */,
			);
			sourceTree = "<group>";
		};
		2736744A2AC3061C003ADE3F /* Products */ = {
			isa = PBXGroup;
			children = (
				273674492AC3061C003ADE3F /* Around-Football.app */,
			);
			name = Products;
			sourceTree = "<group>";
		};
		2736744B2AC3061C003ADE3F /* Around-Football */ = {
			isa = PBXGroup;
			children = (
				7C78830C2ADE54970028D555 /* Around-Football.entitlements */,
				7C2B1AC32AF4AE6C0052EC64 /* App */,
				7C2B1AC42AF4B0B60052EC64 /* Presentaion */,
				2736747F2AC308D1003ADE3F /* Models */,
				663417C82AD68299002FE2CA /* Network */,
				272918552AFA6087009C9042 /* Service */,
				7CE563A82AD13E82005DE2DF /* Utiles */,
				7C2B1AF82AF4BFD40052EC64 /* Resource */,
				2736745A2AC3061E003ADE3F /* Info.plist */,
				7CBFED722AE69B6000915D65 /* GoogleService-Info.plist */,
			);
			path = "Around-Football";
			sourceTree = "<group>";
		};
		2736747F2AC308D1003ADE3F /* Models */ = {
			isa = PBXGroup;
			children = (
				668EE4A82AFCB8E4007A8844 /* Chat */,
				7CBFED742AE69FE400915D65 /* UserModel.swift */,
				273674802AC308D1003ADE3F /* RecruitModel.swift */,
				273674812AC308D1003ADE3F /* FieldModel.swift */,
				6609C5362ACFCCCD00798632 /* MapModel.swift */,
				2729185C2B023682009C9042 /* SearchModel.swift */,
			);
			path = Models;
			sourceTree = "<group>";
		};
		274C21BD2ACFC8C4005469E6 /* View */ = {
			isa = PBXGroup;
			children = (
				7C141C612ADA5F38002CF180 /* LoginViewController.swift */,
			);
			path = View;
			sourceTree = "<group>";
		};
		663417C82AD68299002FE2CA /* Network */ = {
			isa = PBXGroup;
			children = (
				663417C92AD682AB002FE2CA /* Firebase.swift */,
				668EE4B32AFF552F007A8844 /* ChannelAPI.swift */,
				27058ECB2B0656ED00C107F9 /* KakaoService.swift */,
				668EE4B92B04E37C007A8844 /* ChatAPI.swift */,
				668EE4C62B05048C007A8844 /* StorageAPI.swift */,
			);
			path = Network;
			sourceTree = "<group>";
		};
		668EE4A82AFCB8E4007A8844 /* Chat */ = {
			isa = PBXGroup;
			children = (
				668EE4B52AFF5E89007A8844 /* ChannelModel.swift */,
				668EE4A22AFCAC4B007A8844 /* ChannelInfoModel.swift */,
				668EE4A42AFCB0C5007A8844 /* ImageMediaItemModel.swift */,
				668EE4A62AFCB120007A8844 /* MessageModel.swift */,
				668EE4A92AFCB8F2007A8844 /* SenderModel.swift */,
				7CE25AE72ACAC3370014132F /* Extension */,
				668EE4AB2AFCB919007A8844 /* StreamErrorModel.swift */,
			);
			path = Chat;
			sourceTree = "<group>";
		};
		668EE4AD2AFCBBD8007A8844 /* Channel */ = {
			isa = PBXGroup;
			children = (
				668EE49B2AFC9E84007A8844 /* ChannelViewController.swift */,
				668EE4B72B01A60E007A8844 /* ChannelViewController+.swift */,
				668EE4B12AFCBC09007A8844 /* ChannelTableViewCell.swift */,
			);
			path = Channel;
			sourceTree = "<group>";
		};
		668EE4AE2AFCBBE1007A8844 /* Chat */ = {
			isa = PBXGroup;
			children = (
				7C2B1AE42AF4BCA80052EC64 /* ChatViewController.swift */,
				668EE4BE2B0500D5007A8844 /* ChatViewController+.swift */,
				668EE4C02B050305007A8844 /* ImageMessageViewController.swift */,
			);
			path = Chat;
			sourceTree = "<group>";
		};
		668EE4BB2B04E3A6007A8844 /* Frameworks */ = {
			isa = PBXGroup;
			children = (
			);
			name = Frameworks;
			sourceTree = "<group>";
		};
		7929A30D2ADE4AD8006ED4FA /* InputInfoView */ = {
			isa = PBXGroup;
			children = (
				7929A3102ADEAD35006ED4FA /* InputInfoView.swift */,
				7929A30E2ADE4B45006ED4FA /* InputInfoViewController.swift */,
				7929A3122ADEB319006ED4FA /* InputInfoViewController+.swift */,
			);
			path = InputInfoView;
			sourceTree = "<group>";
		};
		7C2B1AC32AF4AE6C0052EC64 /* App */ = {
			isa = PBXGroup;
			children = (
				2736744C2AC3061C003ADE3F /* AppDelegate.swift */,
				2736744E2AC3061C003ADE3F /* SceneDelegate.swift */,
			);
			path = App;
			sourceTree = "<group>";
		};
		7C2B1AC42AF4B0B60052EC64 /* Presentaion */ = {
			isa = PBXGroup;
			children = (
				7C2B1AFB2AF4CE8A0052EC64 /* AppCoordinator.swift */,
				7C2B1AC52AF4B0F40052EC64 /* LoginScene */,
				7C2B1ADA2AF4B2930052EC64 /* InputInfoScene */,
				7C2B1AC92AF4B13C0052EC64 /* MainTabBarScene */,
				7C2B1AED2AF4BD250052EC64 /* InviteScene */,
				27058ECD2B0680DF00C107F9 /* SearchScene */,
				7C2B1AF32AF4BDC90052EC64 /* ApplicationStatusScene */,
			);
			path = Presentaion;
			sourceTree = "<group>";
		};
		7C2B1AC52AF4B0F40052EC64 /* LoginScene */ = {
			isa = PBXGroup;
			children = (
				7C2B1AC62AF4B10B0052EC64 /* LoginCoordinator.swift */,
				274C21BD2ACFC8C4005469E6 /* View */,
				7C2B1AC82AF4B1180052EC64 /* ViewModel */,
			);
			path = LoginScene;
			sourceTree = "<group>";
		};
		7C2B1AC82AF4B1180052EC64 /* ViewModel */ = {
			isa = PBXGroup;
			children = (
				274C21C32ACFE932005469E6 /* LoginViewModel.swift */,
			);
			path = ViewModel;
			sourceTree = "<group>";
		};
		7C2B1AC92AF4B13C0052EC64 /* MainTabBarScene */ = {
			isa = PBXGroup;
			children = (
				7C2B1ACA2AF4B1530052EC64 /* MainTabBarCoordinator.swift */,
				7C2B1ACC2AF4B15A0052EC64 /* View */,
				7C2B1ACD2AF4B15D0052EC64 /* ViewModel */,
				7C2B1ACE2AF4B1890052EC64 /* HomeTab */,
				7C2B1AE82AF4BCD40052EC64 /* DetailScene */,
				7C2B1AD12AF4B1DD0052EC64 /* MapTab */,
				7C2B1AD22AF4B1E30052EC64 /* ChattingTab */,
				7C2B1AD32AF4B1EC0052EC64 /* InfoTab */,
			);
			path = MainTabBarScene;
			sourceTree = "<group>";
		};
		7C2B1ACC2AF4B15A0052EC64 /* View */ = {
			isa = PBXGroup;
			children = (
				669674872AC3E82B0067FD48 /* MainTabController.swift */,
			);
			path = View;
			sourceTree = "<group>";
		};
		7C2B1ACD2AF4B15D0052EC64 /* ViewModel */ = {
			isa = PBXGroup;
			children = (
				7C2B1AE12AF4B6180052EC64 /* MainTabViewModel.swift */,
			);
			path = ViewModel;
			sourceTree = "<group>";
		};
		7C2B1ACE2AF4B1890052EC64 /* HomeTab */ = {
			isa = PBXGroup;
			children = (
				7C2B1AFD2AF4D28D0052EC64 /* HomeTabCoordinator.swift */,
				7C2B1ACF2AF4B1990052EC64 /* View */,
				7C2B1AD02AF4B1C80052EC64 /* ViewModel */,
			);
			path = HomeTab;
			sourceTree = "<group>";
		};
		7C2B1ACF2AF4B1990052EC64 /* View */ = {
			isa = PBXGroup;
			children = (
				6696748E2AC3E9CE0067FD48 /* HomeViewController.swift */,
				7C2B1AE32AF4B6470052EC64 /* HomeTableView */,
			);
			path = View;
			sourceTree = "<group>";
		};
		7C2B1AD02AF4B1C80052EC64 /* ViewModel */ = {
			isa = PBXGroup;
			children = (
				274C22122AD7C169005469E6 /* HomeViewModel.swift */,
			);
			path = ViewModel;
			sourceTree = "<group>";
		};
		7C2B1AD12AF4B1DD0052EC64 /* MapTab */ = {
			isa = PBXGroup;
			children = (
				7C2B1AFF2AF4D2B40052EC64 /* MapTabCoordinator.swift */,
				7C2B1AD52AF4B22E0052EC64 /* View */,
				7C2B1AD42AF4B2280052EC64 /* ViewModel */,
			);
			path = MapTab;
			sourceTree = "<group>";
		};
		7C2B1AD22AF4B1E30052EC64 /* ChattingTab */ = {
			isa = PBXGroup;
			children = (
				7C2B1B012AF4D2E30052EC64 /* ChatTabCoordinator.swift */,
				7C2B1AD72AF4B23C0052EC64 /* View */,
				7C2B1AD62AF4B2350052EC64 /* ViewModel */,
			);
			path = ChattingTab;
			sourceTree = "<group>";
		};
		7C2B1AD32AF4B1EC0052EC64 /* InfoTab */ = {
			isa = PBXGroup;
			children = (
				7C2B1B032AF4D30D0052EC64 /* InfoTabCoordinator.swift */,
				7C2B1AD92AF4B2460052EC64 /* View */,
				7C2B1AD82AF4B2400052EC64 /* ViewModel */,
			);
			path = InfoTab;
			sourceTree = "<group>";
		};
		7C2B1AD42AF4B2280052EC64 /* ViewModel */ = {
			isa = PBXGroup;
			children = (
				6609C5342ACE8D3600798632 /* MapViewModel.swift */,
			);
			path = ViewModel;
			sourceTree = "<group>";
		};
		7C2B1AD52AF4B22E0052EC64 /* View */ = {
			isa = PBXGroup;
			children = (
				669674902AC3E9D40067FD48 /* MapViewController.swift */,
				6609C5322ACE8B0E00798632 /* MapViewController+.swift */,
				66656F9C2AD9219F00AE1AFA /* FieldDetailViewController.swift */,
				66BD86E42AE646CB00B1B256 /* FieldDetailViewController+.swift */,
				66656FA02ADD2FB800AE1AFA /* FieldRecruitTableViewCell.swift */,
			);
			path = View;
			sourceTree = "<group>";
		};
		7C2B1AD62AF4B2350052EC64 /* ViewModel */ = {
			isa = PBXGroup;
			children = (
				668EE49D2AFCABCA007A8844 /* ChannelViewModel.swift */,
				7C2B1AE62AF4BCB40052EC64 /* ChatViewModel.swift */,
			);
			path = ViewModel;
			sourceTree = "<group>";
		};
		7C2B1AD72AF4B23C0052EC64 /* View */ = {
			isa = PBXGroup;
			children = (
				668EE4AD2AFCBBD8007A8844 /* Channel */,
				668EE4AE2AFCBBE1007A8844 /* Chat */,
			);
			path = View;
			sourceTree = "<group>";
		};
		7C2B1AD82AF4B2400052EC64 /* ViewModel */ = {
			isa = PBXGroup;
			children = (
				7C94EBD42B01BF0600A7E42A /* InfoViewModel.swift */,
				66656F9E2AD921D700AE1AFA /* FieldDetailViewModel.swift */,
				7C2F9FE82B26E73200F1EF1B /* InfoPostViewModel.swift */,
			);
			path = ViewModel;
			sourceTree = "<group>";
		};
		7C2B1AD92AF4B2460052EC64 /* View */ = {
			isa = PBXGroup;
			children = (
				669674922AC3E9DF0067FD48 /* InfoViewController.swift */,
				7CC619732AD433760085DF90 /* ProfileAndEditView.swift */,
				7CC619752AD448A90085DF90 /* InfoCell.swift */,
				7CC619772AD460D80085DF90 /* InfoArrangedView.swift */,
				7CE0143C2AF8C59D00ED77D2 /* InfoDetailView */,
			);
			path = View;
			sourceTree = "<group>";
		};
		7C2B1ADA2AF4B2930052EC64 /* InputInfoScene */ = {
			isa = PBXGroup;
			children = (
				7C2B1ADD2AF4B2DA0052EC64 /* InputInfoCoordinator.swift */,
				7C2B1ADC2AF4B2B30052EC64 /* View */,
				7C2B1ADB2AF4B2A80052EC64 /* ViewModel */,
			);
			path = InputInfoScene;
			sourceTree = "<group>";
		};
		7C2B1ADB2AF4B2A80052EC64 /* ViewModel */ = {
			isa = PBXGroup;
			children = (
				7C2B1ADF2AF4B5DB0052EC64 /* InputInfoViewModel.swift */,
			);
			path = ViewModel;
			sourceTree = "<group>";
		};
		7C2B1ADC2AF4B2B30052EC64 /* View */ = {
			isa = PBXGroup;
			children = (
				7929A30D2ADE4AD8006ED4FA /* InputInfoView */,
			);
			path = View;
			sourceTree = "<group>";
		};
		7C2B1AE32AF4B6470052EC64 /* HomeTableView */ = {
			isa = PBXGroup;
			children = (
				274C22102AD6D6EF005469E6 /* HomeTableViewCell.swift */,
			);
			path = HomeTableView;
			sourceTree = "<group>";
		};
		7C2B1AE82AF4BCD40052EC64 /* DetailScene */ = {
			isa = PBXGroup;
			children = (
				7CE2B4F82B073B3500ECF71C /* DetailCoordinator.swift */,
				7C2B1AE92AF4BCE10052EC64 /* View */,
				7C2B1AEA2AF4BCE80052EC64 /* ViewModel */,
			);
			path = DetailScene;
			sourceTree = "<group>";
		};
		7C2B1AE92AF4BCE10052EC64 /* View */ = {
			isa = PBXGroup;
			children = (
				7CB21BA22AC94D36001D0058 /* DetailViewController.swift */,
				7C33060E2B109E780042A815 /* DetailView.swift */,
				7CB21BA42AC94EE4001D0058 /* DetailUserInfoView.swift */,
			);
			path = View;
			sourceTree = "<group>";
		};
		7C2B1AEA2AF4BCE80052EC64 /* ViewModel */ = {
			isa = PBXGroup;
			children = (
				7C2B1AEB2AF4BD170052EC64 /* DetailViewModel.swift */,
			);
			path = ViewModel;
			sourceTree = "<group>";
		};
		7C2B1AED2AF4BD250052EC64 /* InviteScene */ = {
			isa = PBXGroup;
			children = (
				7CE2B4F62B06142B00ECF71C /* InviteCoordinator.swift */,
				7C2B1AEF2AF4BD320052EC64 /* View */,
				7C2B1AEE2AF4BD2E0052EC64 /* ViewModel */,
			);
			path = InviteScene;
			sourceTree = "<group>";
		};
		7C2B1AEE2AF4BD2E0052EC64 /* ViewModel */ = {
			isa = PBXGroup;
			children = (
				7C2B1AF02AF4BD460052EC64 /* InviteViewModel.swift */,
			);
			path = ViewModel;
			sourceTree = "<group>";
		};
		7C2B1AEF2AF4BD320052EC64 /* View */ = {
			isa = PBXGroup;
			children = (
				7C5F775B2AC9C698004CE48F /* InviteViewController.swift */,
				7C2B1AF92AF4C1C90052EC64 /* InviteViewController+.swift */,
				7C5F775F2AC9DA08004CE48F /* GroundTitleView.swift */,
				7C5F77612AC9DB7B004CE48F /* PeopleCountView.swift */,
			);
			path = View;
			sourceTree = "<group>";
		};
		7C2B1AF22AF4BD8F0052EC64 /* Calendar */ = {
			isa = PBXGroup;
			children = (
				7CBFED6B2AE6477700915D65 /* CalenderViewController.swift */,
				7C5F775D2AC9CE8A004CE48F /* DateCell.swift */,
			);
			path = Calendar;
			sourceTree = "<group>";
		};
		7C2B1AF32AF4BDC90052EC64 /* ApplicationStatusScene */ = {
			isa = PBXGroup;
			children = (
				7C2B1AF52AF4BDFA0052EC64 /* View */,
				7C2B1AF42AF4BDF40052EC64 /* ViewModel */,
			);
			path = ApplicationStatusScene;
			sourceTree = "<group>";
		};
		7C2B1AF42AF4BDF40052EC64 /* ViewModel */ = {
			isa = PBXGroup;
			children = (
				7C2B1AF62AF4BE160052EC64 /* ApplicantListViewModel.swift */,
			);
			path = ViewModel;
			sourceTree = "<group>";
		};
		7C2B1AF52AF4BDFA0052EC64 /* View */ = {
			isa = PBXGroup;
			children = (
				7929A3172ADFECD9006ED4FA /* ApplicantListViewController.swift */,
				7929A3192ADFED07006ED4FA /* ApplicantListTableViewCell.swift */,
				7929A31C2ADFFB15006ED4FA /* ApplicationStatusViewController+.swift */,
			);
			path = View;
			sourceTree = "<group>";
		};
		7C2B1AF82AF4BFD40052EC64 /* Resource */ = {
			isa = PBXGroup;
			children = (
				273674552AC3061E003ADE3F /* Assets.xcassets */,
				273674572AC3061E003ADE3F /* LaunchScreen.storyboard */,
			);
			path = Resource;
			sourceTree = "<group>";
		};
		7CE0143C2AF8C59D00ED77D2 /* InfoDetailView */ = {
			isa = PBXGroup;
			children = (
				7CE0143D2AF8C5B700ED77D2 /* EditViewController.swift */,
				7CE0143F2AF8C5C300ED77D2 /* SettingViewController.swift */,
				7C2F9FE22B25EFC200F1EF1B /* BookmarkPostViewController.swift */,
				7C2F9FE42B25EFE000F1EF1B /* WrittenPostViewController.swift */,
				7C2F9FE62B25EFF500F1EF1B /* ApplicationPostViewController.swift */,
			);
			path = InfoDetailView;
			sourceTree = "<group>";
		};
		7CE25AE72ACAC3370014132F /* Extension */ = {
			isa = PBXGroup;
			children = (
				7C5F77632AC9E180004CE48F /* UIView+.swift */,
			);
			path = Extension;
			sourceTree = "<group>";
		};
		7CE563A82AD13E82005DE2DF /* Utiles */ = {
			isa = PBXGroup;
			children = (
				7C2B1AF22AF4BD8F0052EC64 /* Calendar */,
				7CE563A92AD140A9005DE2DF /* LayoutOptions.swift */,
				274C21C62ACFF901005469E6 /* TextFieldDelegateHandler.swift */,
				7CE25AE52ACABF620014132F /* AFButton.swift */,
				663417CB2AD68413002FE2CA /* Constants.swift */,
				668EE4C22B050373007A8844 /* ImageTransition.swift */,
				668EE4C42B05038B007A8844 /* DisMissAnimation.swift */,
			);
			path = Utiles;
			sourceTree = "<group>";
		};
/* End PBXGroup section */

/* Begin PBXNativeTarget section */
		273674482AC3061C003ADE3F /* Around-Football */ = {
			isa = PBXNativeTarget;
			buildConfigurationList = 2736745D2AC3061E003ADE3F /* Build configuration list for PBXNativeTarget "Around-Football" */;
			buildPhases = (
				273674452AC3061C003ADE3F /* Sources */,
				273674462AC3061C003ADE3F /* Frameworks */,
				273674472AC3061C003ADE3F /* Resources */,
			);
			buildRules = (
			);
			dependencies = (
			);
			name = "Around-Football";
			packageProductDependencies = (
				273674612AC306D6003ADE3F /* SnapKit */,
				273674662AC306F0003ADE3F /* Then */,
				273674692AC3071A003ADE3F /* RxCocoa */,
				2736746B2AC3071A003ADE3F /* RxSwift */,
				2736746E2AC30786003ADE3F /* RxAlamofire */,
				273674712AC307D6003ADE3F /* FirebaseAuth */,
				273674732AC307D6003ADE3F /* FirebaseFirestore */,
				273674752AC307D6003ADE3F /* FirebaseFirestoreSwift */,
				6650C7362AC9ED6F00055571 /* KakaoMapsSDK_SPM */,
				7C141C642ADA6008002CF180 /* KakaoSDK */,
				7C141C662ADA6008002CF180 /* KakaoSDKAuth */,
				7C141C682ADA6008002CF180 /* KakaoSDKCommon */,
				7C141C6A2ADA6008002CF180 /* KakaoSDKFriend */,
				7C141C6C2ADA6008002CF180 /* KakaoSDKFriendCore */,
				272B448A2ADD375700ACEC41 /* GoogleSignIn */,
				272B448C2ADD375700ACEC41 /* GoogleSignInSwift */,
				668EE4A02AFCAC2C007A8844 /* MessageKit */,
				668EE4BC2B04E3A6007A8844 /* FirebaseStorage */,
				668EE4C92B0504CB007A8844 /* Kingfisher */,
				66C374352B0B010800DB2C2A /* FirebaseMessaging */,
				66AE74FE2B1476A900D08B5C /* RxDataSources */,
				66AE75022B14907C00D08B5C /* Differentiator */,
			);
			productName = "Around-Football";
			productReference = 273674492AC3061C003ADE3F /* Around-Football.app */;
			productType = "com.apple.product-type.application";
		};
/* End PBXNativeTarget section */

/* Begin PBXProject section */
		273674412AC3061C003ADE3F /* Project object */ = {
			isa = PBXProject;
			attributes = {
				BuildIndependentTargetsInParallel = 1;
				LastSwiftUpdateCheck = 1430;
				LastUpgradeCheck = 1500;
				TargetAttributes = {
					273674482AC3061C003ADE3F = {
						CreatedOnToolsVersion = 14.3.1;
					};
				};
			};
			buildConfigurationList = 273674442AC3061C003ADE3F /* Build configuration list for PBXProject "Around-Football" */;
			compatibilityVersion = "Xcode 14.0";
			developmentRegion = en;
			hasScannedForEncodings = 0;
			knownRegions = (
				en,
				Base,
			);
			mainGroup = 273674402AC3061C003ADE3F;
			packageReferences = (
				273674602AC306D6003ADE3F /* XCRemoteSwiftPackageReference "SnapKit" */,
				273674652AC306F0003ADE3F /* XCRemoteSwiftPackageReference "Then" */,
				273674682AC3071A003ADE3F /* XCRemoteSwiftPackageReference "RxSwift" */,
				2736746D2AC30786003ADE3F /* XCRemoteSwiftPackageReference "RxAlamofire" */,
				273674702AC307D6003ADE3F /* XCRemoteSwiftPackageReference "firebase-ios-sdk" */,
				6650C7352AC9ED6F00055571 /* XCRemoteSwiftPackageReference "KakaoMapsSDK-SPM" */,
				7C141C632ADA6008002CF180 /* XCRemoteSwiftPackageReference "kakao-ios-sdk" */,
				272B44892ADD375700ACEC41 /* XCRemoteSwiftPackageReference "GoogleSignIn-iOS" */,
				668EE49F2AFCAC2C007A8844 /* XCRemoteSwiftPackageReference "MessageKit" */,
				668EE4C82B0504CB007A8844 /* XCRemoteSwiftPackageReference "Kingfisher" */,
				66AE74FD2B1476A900D08B5C /* XCRemoteSwiftPackageReference "RxDataSources" */,
			);
			productRefGroup = 2736744A2AC3061C003ADE3F /* Products */;
			projectDirPath = "";
			projectRoot = "";
			targets = (
				273674482AC3061C003ADE3F /* Around-Football */,
			);
		};
/* End PBXProject section */

/* Begin PBXResourcesBuildPhase section */
		273674472AC3061C003ADE3F /* Resources */ = {
			isa = PBXResourcesBuildPhase;
			buildActionMask = 2147483647;
			files = (
				273674592AC3061E003ADE3F /* LaunchScreen.storyboard in Resources */,
				7CBFED732AE69B6100915D65 /* GoogleService-Info.plist in Resources */,
				273674562AC3061E003ADE3F /* Assets.xcassets in Resources */,
			);
			runOnlyForDeploymentPostprocessing = 0;
		};
/* End PBXResourcesBuildPhase section */

/* Begin PBXSourcesBuildPhase section */
		273674452AC3061C003ADE3F /* Sources */ = {
			isa = PBXSourcesBuildPhase;
			buildActionMask = 2147483647;
			files = (
				7C2B1AE22AF4B6180052EC64 /* MainTabViewModel.swift in Sources */,
				668EE4C72B05048C007A8844 /* StorageAPI.swift in Sources */,
				663417CA2AD682AB002FE2CA /* Firebase.swift in Sources */,
				7CE563AA2AD140A9005DE2DF /* LayoutOptions.swift in Sources */,
				2729185F2B0236A7009C9042 /* SearchViewModel.swift in Sources */,
				7CE014402AF8C5C300ED77D2 /* SettingViewController.swift in Sources */,
				27058ECC2B0656ED00C107F9 /* KakaoService.swift in Sources */,
				668EE4B62AFF5E89007A8844 /* ChannelModel.swift in Sources */,
				668EE4B22AFCBC09007A8844 /* ChannelTableViewCell.swift in Sources */,
				7CBFED6C2AE6477700915D65 /* CalenderViewController.swift in Sources */,
				7CE2B4F92B073B3500ECF71C /* DetailCoordinator.swift in Sources */,
				7CC619782AD460D80085DF90 /* InfoArrangedView.swift in Sources */,
				7CC619742AD433760085DF90 /* ProfileAndEditView.swift in Sources */,
				7CE25AE62ACABF620014132F /* AFButton.swift in Sources */,
				66656F9D2AD9219F00AE1AFA /* FieldDetailViewController.swift in Sources */,
				668EE4C12B050305007A8844 /* ImageMessageViewController.swift in Sources */,
				668EE4B42AFF552F007A8844 /* ChannelAPI.swift in Sources */,
				7C5F775E2AC9CE8A004CE48F /* DateCell.swift in Sources */,
				7C94EBD52B01BF0600A7E42A /* InfoViewModel.swift in Sources */,
				66656FA12ADD2FB800AE1AFA /* FieldRecruitTableViewCell.swift in Sources */,
				7C2F9FE32B25EFC200F1EF1B /* BookmarkPostViewController.swift in Sources */,
				7CB21BA32AC94D36001D0058 /* DetailViewController.swift in Sources */,
				7929A3182ADFECD9006ED4FA /* ApplicantListViewController.swift in Sources */,
				7C5F77622AC9DB7B004CE48F /* PeopleCountView.swift in Sources */,
				27058ED12B06814F00C107F9 /* SearchCoordinator.swift in Sources */,
				274C22112AD6D6EF005469E6 /* HomeTableViewCell.swift in Sources */,
				7C2B1AFC2AF4CE8A0052EC64 /* AppCoordinator.swift in Sources */,
				7C2B1ADE2AF4B2DA0052EC64 /* InputInfoCoordinator.swift in Sources */,
				7929A31A2ADFED07006ED4FA /* ApplicantListTableViewCell.swift in Sources */,
				7929A31D2ADFFB15006ED4FA /* ApplicationStatusViewController+.swift in Sources */,
				7C2F9FE92B26E73200F1EF1B /* InfoPostViewModel.swift in Sources */,
				273674842AC308D1003ADE3F /* FieldModel.swift in Sources */,
				669674882AC3E82B0067FD48 /* MainTabController.swift in Sources */,
				7CE2B4F72B06142B00ECF71C /* InviteCoordinator.swift in Sources */,
				7C5F775C2AC9C698004CE48F /* InviteViewController.swift in Sources */,
				2729186F2B035CFE009C9042 /* SearchTableViewCell.swift in Sources */,
				7C2B1AF12AF4BD460052EC64 /* InviteViewModel.swift in Sources */,
				6609C5372ACFCCCD00798632 /* MapModel.swift in Sources */,
				6609C5352ACE8D3600798632 /* MapViewModel.swift in Sources */,
				6696748F2AC3E9CE0067FD48 /* HomeViewController.swift in Sources */,
				668EE49E2AFCABCA007A8844 /* ChannelViewModel.swift in Sources */,
				7C2B1B022AF4D2E30052EC64 /* ChatTabCoordinator.swift in Sources */,
				7CBFED752AE69FE400915D65 /* UserModel.swift in Sources */,
				7C2F9FE52B25EFE000F1EF1B /* WrittenPostViewController.swift in Sources */,
				7C5F77642AC9E180004CE48F /* UIView+.swift in Sources */,
				669674932AC3E9DF0067FD48 /* InfoViewController.swift in Sources */,
				668EE4C32B050373007A8844 /* ImageTransition.swift in Sources */,
				7929A3112ADEAD35006ED4FA /* InputInfoView.swift in Sources */,
				7C2B1AE52AF4BCA80052EC64 /* ChatViewController.swift in Sources */,
				668EE4BA2B04E37C007A8844 /* ChatAPI.swift in Sources */,
				7C2B1AE02AF4B5DB0052EC64 /* InputInfoViewModel.swift in Sources */,
				66656F9F2AD921D700AE1AFA /* FieldDetailViewModel.swift in Sources */,
				7C2B1AF72AF4BE160052EC64 /* ApplicantListViewModel.swift in Sources */,
				668EE4A72AFCB120007A8844 /* MessageModel.swift in Sources */,
				668EE4AC2AFCB919007A8844 /* StreamErrorModel.swift in Sources */,
				7C2B1ACB2AF4B1530052EC64 /* MainTabBarCoordinator.swift in Sources */,
				668EE49C2AFC9E84007A8844 /* ChannelViewController.swift in Sources */,
				669674912AC3E9D40067FD48 /* MapViewController.swift in Sources */,
				272918572AFA60A9009C9042 /* UserService.swift in Sources */,
				7C2B1B042AF4D30D0052EC64 /* InfoTabCoordinator.swift in Sources */,
				668EE4A32AFCAC4B007A8844 /* ChannelInfoModel.swift in Sources */,
				663417CC2AD68413002FE2CA /* Constants.swift in Sources */,
				7C2B1AEC2AF4BD170052EC64 /* DetailViewModel.swift in Sources */,
				7C2B1AC72AF4B10B0052EC64 /* LoginCoordinator.swift in Sources */,
				7C2B1AFA2AF4C1C90052EC64 /* InviteViewController+.swift in Sources */,
				7C141C622ADA5F38002CF180 /* LoginViewController.swift in Sources */,
				7C2B1AFE2AF4D28D0052EC64 /* HomeTabCoordinator.swift in Sources */,
				274C21C42ACFE932005469E6 /* LoginViewModel.swift in Sources */,
				2736744D2AC3061C003ADE3F /* AppDelegate.swift in Sources */,
				668EE4C52B05038B007A8844 /* DisMissAnimation.swift in Sources */,
				7C5F77602AC9DA08004CE48F /* GroundTitleView.swift in Sources */,
				7CB21BA52AC94EE4001D0058 /* DetailUserInfoView.swift in Sources */,
				7C2F9FE72B25EFF500F1EF1B /* ApplicationPostViewController.swift in Sources */,
				273674832AC308D1003ADE3F /* RecruitModel.swift in Sources */,
				2729185D2B023682009C9042 /* SearchModel.swift in Sources */,
				7CC619762AD448A90085DF90 /* InfoCell.swift in Sources */,
				7C2B1AE72AF4BCB40052EC64 /* ChatViewModel.swift in Sources */,
				668EE4B82B01A60E007A8844 /* ChannelViewController+.swift in Sources */,
				7929A3132ADEB319006ED4FA /* InputInfoViewController+.swift in Sources */,
				274C21C72ACFF902005469E6 /* TextFieldDelegateHandler.swift in Sources */,
				7CE0143E2AF8C5B700ED77D2 /* EditViewController.swift in Sources */,
				7C33060F2B109E780042A815 /* DetailView.swift in Sources */,
				668EE4BF2B0500D5007A8844 /* ChatViewController+.swift in Sources */,
				2736744F2AC3061C003ADE3F /* SceneDelegate.swift in Sources */,
				2729185B2B022E84009C9042 /* SearchViewController.swift in Sources */,
				7C2B1B002AF4D2B40052EC64 /* MapTabCoordinator.swift in Sources */,
				668EE4AA2AFCB8F2007A8844 /* SenderModel.swift in Sources */,
				668EE4A52AFCB0C5007A8844 /* ImageMediaItemModel.swift in Sources */,
				7929A30F2ADE4B45006ED4FA /* InputInfoViewController.swift in Sources */,
				274C22132AD7C16A005469E6 /* HomeViewModel.swift in Sources */,
				6609C5332ACE8B0E00798632 /* MapViewController+.swift in Sources */,
				66BD86E52AE646CB00B1B256 /* FieldDetailViewController+.swift in Sources */,
			);
			runOnlyForDeploymentPostprocessing = 0;
		};
/* End PBXSourcesBuildPhase section */

/* Begin PBXVariantGroup section */
		273674572AC3061E003ADE3F /* LaunchScreen.storyboard */ = {
			isa = PBXVariantGroup;
			children = (
				273674582AC3061E003ADE3F /* Base */,
			);
			name = LaunchScreen.storyboard;
			sourceTree = "<group>";
		};
/* End PBXVariantGroup section */

/* Begin XCBuildConfiguration section */
		2736745B2AC3061E003ADE3F /* Debug */ = {
			isa = XCBuildConfiguration;
			buildSettings = {
				ALWAYS_SEARCH_USER_PATHS = NO;
				CLANG_ANALYZER_NONNULL = YES;
				CLANG_ANALYZER_NUMBER_OBJECT_CONVERSION = YES_AGGRESSIVE;
				CLANG_CXX_LANGUAGE_STANDARD = "gnu++20";
				CLANG_ENABLE_MODULES = YES;
				CLANG_ENABLE_OBJC_ARC = YES;
				CLANG_ENABLE_OBJC_WEAK = YES;
				CLANG_WARN_BLOCK_CAPTURE_AUTORELEASING = YES;
				CLANG_WARN_BOOL_CONVERSION = YES;
				CLANG_WARN_COMMA = YES;
				CLANG_WARN_CONSTANT_CONVERSION = YES;
				CLANG_WARN_DEPRECATED_OBJC_IMPLEMENTATIONS = YES;
				CLANG_WARN_DIRECT_OBJC_ISA_USAGE = YES_ERROR;
				CLANG_WARN_DOCUMENTATION_COMMENTS = YES;
				CLANG_WARN_EMPTY_BODY = YES;
				CLANG_WARN_ENUM_CONVERSION = YES;
				CLANG_WARN_INFINITE_RECURSION = YES;
				CLANG_WARN_INT_CONVERSION = YES;
				CLANG_WARN_NON_LITERAL_NULL_CONVERSION = YES;
				CLANG_WARN_OBJC_IMPLICIT_RETAIN_SELF = YES;
				CLANG_WARN_OBJC_LITERAL_CONVERSION = YES;
				CLANG_WARN_OBJC_ROOT_CLASS = YES_ERROR;
				CLANG_WARN_QUOTED_INCLUDE_IN_FRAMEWORK_HEADER = YES;
				CLANG_WARN_RANGE_LOOP_ANALYSIS = YES;
				CLANG_WARN_STRICT_PROTOTYPES = YES;
				CLANG_WARN_SUSPICIOUS_MOVE = YES;
				CLANG_WARN_UNGUARDED_AVAILABILITY = YES_AGGRESSIVE;
				CLANG_WARN_UNREACHABLE_CODE = YES;
				CLANG_WARN__DUPLICATE_METHOD_MATCH = YES;
				COPY_PHASE_STRIP = NO;
				DEBUG_INFORMATION_FORMAT = dwarf;
				ENABLE_STRICT_OBJC_MSGSEND = YES;
				ENABLE_TESTABILITY = YES;
				ENABLE_USER_SCRIPT_SANDBOXING = YES;
				GCC_C_LANGUAGE_STANDARD = gnu11;
				GCC_DYNAMIC_NO_PIC = NO;
				GCC_NO_COMMON_BLOCKS = YES;
				GCC_OPTIMIZATION_LEVEL = 0;
				GCC_PREPROCESSOR_DEFINITIONS = (
					"DEBUG=1",
					"$(inherited)",
				);
				GCC_WARN_64_TO_32_BIT_CONVERSION = YES;
				GCC_WARN_ABOUT_RETURN_TYPE = YES_ERROR;
				GCC_WARN_UNDECLARED_SELECTOR = YES;
				GCC_WARN_UNINITIALIZED_AUTOS = YES_AGGRESSIVE;
				GCC_WARN_UNUSED_FUNCTION = YES;
				GCC_WARN_UNUSED_VARIABLE = YES;
				IPHONEOS_DEPLOYMENT_TARGET = 15.0;
				MTL_ENABLE_DEBUG_INFO = INCLUDE_SOURCE;
				MTL_FAST_MATH = YES;
				ONLY_ACTIVE_ARCH = YES;
				SDKROOT = iphoneos;
				SWIFT_ACTIVE_COMPILATION_CONDITIONS = DEBUG;
				SWIFT_OPTIMIZATION_LEVEL = "-Onone";
			};
			name = Debug;
		};
		2736745C2AC3061E003ADE3F /* Release */ = {
			isa = XCBuildConfiguration;
			buildSettings = {
				ALWAYS_SEARCH_USER_PATHS = NO;
				CLANG_ANALYZER_NONNULL = YES;
				CLANG_ANALYZER_NUMBER_OBJECT_CONVERSION = YES_AGGRESSIVE;
				CLANG_CXX_LANGUAGE_STANDARD = "gnu++20";
				CLANG_ENABLE_MODULES = YES;
				CLANG_ENABLE_OBJC_ARC = YES;
				CLANG_ENABLE_OBJC_WEAK = YES;
				CLANG_WARN_BLOCK_CAPTURE_AUTORELEASING = YES;
				CLANG_WARN_BOOL_CONVERSION = YES;
				CLANG_WARN_COMMA = YES;
				CLANG_WARN_CONSTANT_CONVERSION = YES;
				CLANG_WARN_DEPRECATED_OBJC_IMPLEMENTATIONS = YES;
				CLANG_WARN_DIRECT_OBJC_ISA_USAGE = YES_ERROR;
				CLANG_WARN_DOCUMENTATION_COMMENTS = YES;
				CLANG_WARN_EMPTY_BODY = YES;
				CLANG_WARN_ENUM_CONVERSION = YES;
				CLANG_WARN_INFINITE_RECURSION = YES;
				CLANG_WARN_INT_CONVERSION = YES;
				CLANG_WARN_NON_LITERAL_NULL_CONVERSION = YES;
				CLANG_WARN_OBJC_IMPLICIT_RETAIN_SELF = YES;
				CLANG_WARN_OBJC_LITERAL_CONVERSION = YES;
				CLANG_WARN_OBJC_ROOT_CLASS = YES_ERROR;
				CLANG_WARN_QUOTED_INCLUDE_IN_FRAMEWORK_HEADER = YES;
				CLANG_WARN_RANGE_LOOP_ANALYSIS = YES;
				CLANG_WARN_STRICT_PROTOTYPES = YES;
				CLANG_WARN_SUSPICIOUS_MOVE = YES;
				CLANG_WARN_UNGUARDED_AVAILABILITY = YES_AGGRESSIVE;
				CLANG_WARN_UNREACHABLE_CODE = YES;
				CLANG_WARN__DUPLICATE_METHOD_MATCH = YES;
				COPY_PHASE_STRIP = NO;
				DEBUG_INFORMATION_FORMAT = "dwarf-with-dsym";
				ENABLE_NS_ASSERTIONS = NO;
				ENABLE_STRICT_OBJC_MSGSEND = YES;
				ENABLE_USER_SCRIPT_SANDBOXING = YES;
				GCC_C_LANGUAGE_STANDARD = gnu11;
				GCC_NO_COMMON_BLOCKS = YES;
				GCC_WARN_64_TO_32_BIT_CONVERSION = YES;
				GCC_WARN_ABOUT_RETURN_TYPE = YES_ERROR;
				GCC_WARN_UNDECLARED_SELECTOR = YES;
				GCC_WARN_UNINITIALIZED_AUTOS = YES_AGGRESSIVE;
				GCC_WARN_UNUSED_FUNCTION = YES;
				GCC_WARN_UNUSED_VARIABLE = YES;
				IPHONEOS_DEPLOYMENT_TARGET = 15.0;
				MTL_ENABLE_DEBUG_INFO = NO;
				MTL_FAST_MATH = YES;
				SDKROOT = iphoneos;
				SWIFT_COMPILATION_MODE = wholemodule;
				SWIFT_OPTIMIZATION_LEVEL = "-O";
				VALIDATE_PRODUCT = YES;
			};
			name = Release;
		};
		2736745E2AC3061E003ADE3F /* Debug */ = {
			isa = XCBuildConfiguration;
			buildSettings = {
				ASSETCATALOG_COMPILER_APPICON_NAME = AppIcon;
				ASSETCATALOG_COMPILER_GLOBAL_ACCENT_COLOR_NAME = AccentColor;
				CODE_SIGN_ENTITLEMENTS = "Around-Football/Around-Football.entitlements";
				CODE_SIGN_STYLE = Automatic;
				CURRENT_PROJECT_VERSION = 1;
				DEVELOPMENT_TEAM = W6X76DS4Z7;
				GENERATE_INFOPLIST_FILE = YES;
				INFOPLIST_FILE = "Around-Football/Info.plist";
				INFOPLIST_KEY_NSLocationWhenInUseUsageDescription = "\"현재 위치사용을 허용하시겠습니까?\"";
				INFOPLIST_KEY_UIApplicationSupportsIndirectInputEvents = YES;
				INFOPLIST_KEY_UILaunchStoryboardName = LaunchScreen;
				INFOPLIST_KEY_UISupportedInterfaceOrientations_iPad = "UIInterfaceOrientationPortrait UIInterfaceOrientationPortraitUpsideDown UIInterfaceOrientationLandscapeLeft UIInterfaceOrientationLandscapeRight";
				INFOPLIST_KEY_UISupportedInterfaceOrientations_iPhone = "UIInterfaceOrientationPortrait UIInterfaceOrientationLandscapeLeft UIInterfaceOrientationLandscapeRight";
				IPHONEOS_DEPLOYMENT_TARGET = 15.0;
				LD_RUNPATH_SEARCH_PATHS = (
					"$(inherited)",
					"@executable_path/Frameworks",
				);
				MARKETING_VERSION = 1.0;
				OTHER_LDFLAGS = (
					"-Xlinker",
					"-no_warn_duplicate_libraries",
				);
				PRODUCT_BUNDLE_IDENTIFIER = "com.changhyun-kyle.Around-Football.service";
				PRODUCT_NAME = "$(TARGET_NAME)";
				SWIFT_EMIT_LOC_STRINGS = YES;
				SWIFT_VERSION = 5.0;
				TARGETED_DEVICE_FAMILY = "1,2";
			};
			name = Debug;
		};
		2736745F2AC3061E003ADE3F /* Release */ = {
			isa = XCBuildConfiguration;
			buildSettings = {
				ASSETCATALOG_COMPILER_APPICON_NAME = AppIcon;
				ASSETCATALOG_COMPILER_GLOBAL_ACCENT_COLOR_NAME = AccentColor;
				CODE_SIGN_ENTITLEMENTS = "Around-Football/Around-Football.entitlements";
				CODE_SIGN_STYLE = Automatic;
				CURRENT_PROJECT_VERSION = 1;
				DEVELOPMENT_TEAM = W6X76DS4Z7;
				GENERATE_INFOPLIST_FILE = YES;
				INFOPLIST_FILE = "Around-Football/Info.plist";
				INFOPLIST_KEY_NSLocationWhenInUseUsageDescription = "\"현재 위치사용을 허용하시겠습니까?\"";
				INFOPLIST_KEY_UIApplicationSupportsIndirectInputEvents = YES;
				INFOPLIST_KEY_UILaunchStoryboardName = LaunchScreen;
				INFOPLIST_KEY_UISupportedInterfaceOrientations_iPad = "UIInterfaceOrientationPortrait UIInterfaceOrientationPortraitUpsideDown UIInterfaceOrientationLandscapeLeft UIInterfaceOrientationLandscapeRight";
				INFOPLIST_KEY_UISupportedInterfaceOrientations_iPhone = "UIInterfaceOrientationPortrait UIInterfaceOrientationLandscapeLeft UIInterfaceOrientationLandscapeRight";
				IPHONEOS_DEPLOYMENT_TARGET = 15.0;
				LD_RUNPATH_SEARCH_PATHS = (
					"$(inherited)",
					"@executable_path/Frameworks",
				);
				MARKETING_VERSION = 1.0;
				PRODUCT_BUNDLE_IDENTIFIER = "com.changhyun-kyle.Around-Football.service";
				PRODUCT_NAME = "$(TARGET_NAME)";
				SWIFT_EMIT_LOC_STRINGS = YES;
				SWIFT_VERSION = 5.0;
				TARGETED_DEVICE_FAMILY = "1,2";
			};
			name = Release;
		};
/* End XCBuildConfiguration section */

/* Begin XCConfigurationList section */
		273674442AC3061C003ADE3F /* Build configuration list for PBXProject "Around-Football" */ = {
			isa = XCConfigurationList;
			buildConfigurations = (
				2736745B2AC3061E003ADE3F /* Debug */,
				2736745C2AC3061E003ADE3F /* Release */,
			);
			defaultConfigurationIsVisible = 0;
			defaultConfigurationName = Release;
		};
		2736745D2AC3061E003ADE3F /* Build configuration list for PBXNativeTarget "Around-Football" */ = {
			isa = XCConfigurationList;
			buildConfigurations = (
				2736745E2AC3061E003ADE3F /* Debug */,
				2736745F2AC3061E003ADE3F /* Release */,
			);
			defaultConfigurationIsVisible = 0;
			defaultConfigurationName = Release;
		};
/* End XCConfigurationList section */

/* Begin XCRemoteSwiftPackageReference section */
		272B44892ADD375700ACEC41 /* XCRemoteSwiftPackageReference "GoogleSignIn-iOS" */ = {
			isa = XCRemoteSwiftPackageReference;
			repositoryURL = "https://github.com/google/GoogleSignIn-iOS";
			requirement = {
				kind = upToNextMajorVersion;
				minimumVersion = 7.0.0;
			};
		};
		273674602AC306D6003ADE3F /* XCRemoteSwiftPackageReference "SnapKit" */ = {
			isa = XCRemoteSwiftPackageReference;
			repositoryURL = "https://github.com/SnapKit/SnapKit.git";
			requirement = {
				kind = upToNextMajorVersion;
				minimumVersion = 5.0.0;
			};
		};
		273674652AC306F0003ADE3F /* XCRemoteSwiftPackageReference "Then" */ = {
			isa = XCRemoteSwiftPackageReference;
			repositoryURL = "https://github.com/devxoul/Then";
			requirement = {
				kind = upToNextMajorVersion;
				minimumVersion = 3.0.0;
			};
		};
		273674682AC3071A003ADE3F /* XCRemoteSwiftPackageReference "RxSwift" */ = {
			isa = XCRemoteSwiftPackageReference;
			repositoryURL = "https://github.com/ReactiveX/RxSwift";
			requirement = {
				kind = upToNextMajorVersion;
				minimumVersion = 6.0.0;
			};
		};
		2736746D2AC30786003ADE3F /* XCRemoteSwiftPackageReference "RxAlamofire" */ = {
			isa = XCRemoteSwiftPackageReference;
			repositoryURL = "https://github.com/RxSwiftCommunity/RxAlamofire";
			requirement = {
				kind = upToNextMajorVersion;
				minimumVersion = 6.0.0;
			};
		};
		273674702AC307D6003ADE3F /* XCRemoteSwiftPackageReference "firebase-ios-sdk" */ = {
			isa = XCRemoteSwiftPackageReference;
			repositoryURL = "https://github.com/firebase/firebase-ios-sdk";
			requirement = {
				kind = upToNextMajorVersion;
				minimumVersion = 10.0.0;
			};
		};
		6650C7352AC9ED6F00055571 /* XCRemoteSwiftPackageReference "KakaoMapsSDK-SPM" */ = {
			isa = XCRemoteSwiftPackageReference;
			repositoryURL = "https://github.com/kakao-mapsSDK/KakaoMapsSDK-SPM.git";
			requirement = {
				kind = upToNextMajorVersion;
				minimumVersion = 2.0.0;
			};
		};
		668EE49F2AFCAC2C007A8844 /* XCRemoteSwiftPackageReference "MessageKit" */ = {
			isa = XCRemoteSwiftPackageReference;
			repositoryURL = "https://github.com/MessageKit/MessageKit";
			requirement = {
				kind = upToNextMajorVersion;
				minimumVersion = 4.2.0;
			};
		};
		668EE4C82B0504CB007A8844 /* XCRemoteSwiftPackageReference "Kingfisher" */ = {
			isa = XCRemoteSwiftPackageReference;
			repositoryURL = "https://github.com/onevcat/Kingfisher";
			requirement = {
				kind = upToNextMajorVersion;
				minimumVersion = 7.10.0;
			};
		};
		66AE74FD2B1476A900D08B5C /* XCRemoteSwiftPackageReference "RxDataSources" */ = {
			isa = XCRemoteSwiftPackageReference;
			repositoryURL = "https://github.com/RxSwiftCommunity/RxDataSources.git";
			requirement = {
				kind = upToNextMajorVersion;
				minimumVersion = 5.0.2;
			};
		};
		7C141C632ADA6008002CF180 /* XCRemoteSwiftPackageReference "kakao-ios-sdk" */ = {
			isa = XCRemoteSwiftPackageReference;
			repositoryURL = "https://github.com/kakao/kakao-ios-sdk";
			requirement = {
				kind = upToNextMajorVersion;
				minimumVersion = 2.18.0;
			};
		};
/* End XCRemoteSwiftPackageReference section */

/* Begin XCSwiftPackageProductDependency section */
		272B448A2ADD375700ACEC41 /* GoogleSignIn */ = {
			isa = XCSwiftPackageProductDependency;
			package = 272B44892ADD375700ACEC41 /* XCRemoteSwiftPackageReference "GoogleSignIn-iOS" */;
			productName = GoogleSignIn;
		};
		272B448C2ADD375700ACEC41 /* GoogleSignInSwift */ = {
			isa = XCSwiftPackageProductDependency;
			package = 272B44892ADD375700ACEC41 /* XCRemoteSwiftPackageReference "GoogleSignIn-iOS" */;
			productName = GoogleSignInSwift;
		};
		273674612AC306D6003ADE3F /* SnapKit */ = {
			isa = XCSwiftPackageProductDependency;
			package = 273674602AC306D6003ADE3F /* XCRemoteSwiftPackageReference "SnapKit" */;
			productName = SnapKit;
		};
		273674662AC306F0003ADE3F /* Then */ = {
			isa = XCSwiftPackageProductDependency;
			package = 273674652AC306F0003ADE3F /* XCRemoteSwiftPackageReference "Then" */;
			productName = Then;
		};
		273674692AC3071A003ADE3F /* RxCocoa */ = {
			isa = XCSwiftPackageProductDependency;
			package = 273674682AC3071A003ADE3F /* XCRemoteSwiftPackageReference "RxSwift" */;
			productName = RxCocoa;
		};
		2736746B2AC3071A003ADE3F /* RxSwift */ = {
			isa = XCSwiftPackageProductDependency;
			package = 273674682AC3071A003ADE3F /* XCRemoteSwiftPackageReference "RxSwift" */;
			productName = RxSwift;
		};
		2736746E2AC30786003ADE3F /* RxAlamofire */ = {
			isa = XCSwiftPackageProductDependency;
			package = 2736746D2AC30786003ADE3F /* XCRemoteSwiftPackageReference "RxAlamofire" */;
			productName = RxAlamofire;
		};
		273674712AC307D6003ADE3F /* FirebaseAuth */ = {
			isa = XCSwiftPackageProductDependency;
			package = 273674702AC307D6003ADE3F /* XCRemoteSwiftPackageReference "firebase-ios-sdk" */;
			productName = FirebaseAuth;
		};
		273674732AC307D6003ADE3F /* FirebaseFirestore */ = {
			isa = XCSwiftPackageProductDependency;
			package = 273674702AC307D6003ADE3F /* XCRemoteSwiftPackageReference "firebase-ios-sdk" */;
			productName = FirebaseFirestore;
		};
		273674752AC307D6003ADE3F /* FirebaseFirestoreSwift */ = {
			isa = XCSwiftPackageProductDependency;
			package = 273674702AC307D6003ADE3F /* XCRemoteSwiftPackageReference "firebase-ios-sdk" */;
			productName = FirebaseFirestoreSwift;
		};
		6650C7362AC9ED6F00055571 /* KakaoMapsSDK_SPM */ = {
			isa = XCSwiftPackageProductDependency;
			package = 6650C7352AC9ED6F00055571 /* XCRemoteSwiftPackageReference "KakaoMapsSDK-SPM" */;
			productName = KakaoMapsSDK_SPM;
		};
		668EE4A02AFCAC2C007A8844 /* MessageKit */ = {
			isa = XCSwiftPackageProductDependency;
			package = 668EE49F2AFCAC2C007A8844 /* XCRemoteSwiftPackageReference "MessageKit" */;
			productName = MessageKit;
		};
		668EE4BC2B04E3A6007A8844 /* FirebaseStorage */ = {
			isa = XCSwiftPackageProductDependency;
			package = 273674702AC307D6003ADE3F /* XCRemoteSwiftPackageReference "firebase-ios-sdk" */;
			productName = FirebaseStorage;
		};
		668EE4C92B0504CB007A8844 /* Kingfisher */ = {
			isa = XCSwiftPackageProductDependency;
			package = 668EE4C82B0504CB007A8844 /* XCRemoteSwiftPackageReference "Kingfisher" */;
			productName = Kingfisher;
		};
		66AE74FE2B1476A900D08B5C /* RxDataSources */ = {
			isa = XCSwiftPackageProductDependency;
			package = 66AE74FD2B1476A900D08B5C /* XCRemoteSwiftPackageReference "RxDataSources" */;
			productName = RxDataSources;
		};
		66AE75022B14907C00D08B5C /* Differentiator */ = {
			isa = XCSwiftPackageProductDependency;
			package = 66AE74FD2B1476A900D08B5C /* XCRemoteSwiftPackageReference "RxDataSources" */;
			productName = Differentiator;
		};
		66C374352B0B010800DB2C2A /* FirebaseMessaging */ = {
			isa = XCSwiftPackageProductDependency;
			package = 273674702AC307D6003ADE3F /* XCRemoteSwiftPackageReference "firebase-ios-sdk" */;
			productName = FirebaseMessaging;
		};
		7C141C642ADA6008002CF180 /* KakaoSDK */ = {
			isa = XCSwiftPackageProductDependency;
			package = 7C141C632ADA6008002CF180 /* XCRemoteSwiftPackageReference "kakao-ios-sdk" */;
			productName = KakaoSDK;
		};
		7C141C662ADA6008002CF180 /* KakaoSDKAuth */ = {
			isa = XCSwiftPackageProductDependency;
			package = 7C141C632ADA6008002CF180 /* XCRemoteSwiftPackageReference "kakao-ios-sdk" */;
			productName = KakaoSDKAuth;
		};
		7C141C682ADA6008002CF180 /* KakaoSDKCommon */ = {
			isa = XCSwiftPackageProductDependency;
			package = 7C141C632ADA6008002CF180 /* XCRemoteSwiftPackageReference "kakao-ios-sdk" */;
			productName = KakaoSDKCommon;
		};
		7C141C6A2ADA6008002CF180 /* KakaoSDKFriend */ = {
			isa = XCSwiftPackageProductDependency;
			package = 7C141C632ADA6008002CF180 /* XCRemoteSwiftPackageReference "kakao-ios-sdk" */;
			productName = KakaoSDKFriend;
		};
		7C141C6C2ADA6008002CF180 /* KakaoSDKFriendCore */ = {
			isa = XCSwiftPackageProductDependency;
			package = 7C141C632ADA6008002CF180 /* XCRemoteSwiftPackageReference "kakao-ios-sdk" */;
			productName = KakaoSDKFriendCore;
		};
/* End XCSwiftPackageProductDependency section */
	};
	rootObject = 273674412AC3061C003ADE3F /* Project object */;
}
