// !$*UTF8*$!
{
	archiveVersion = 1;
	classes = {
	};
	objectVersion = 56;
	objects = {

/* Begin PBXBuildFile section */
		272B44882ADD2AE000ACEC41 /* KeychainItem.swift in Sources */ = {isa = PBXBuildFile; fileRef = 272B44872ADD2AE000ACEC41 /* KeychainItem.swift */; };
		272B448B2ADD375700ACEC41 /* GoogleSignIn in Frameworks */ = {isa = PBXBuildFile; productRef = 272B448A2ADD375700ACEC41 /* GoogleSignIn */; };
		272B448D2ADD375700ACEC41 /* GoogleSignInSwift in Frameworks */ = {isa = PBXBuildFile; productRef = 272B448C2ADD375700ACEC41 /* GoogleSignInSwift */; };
		272B44932ADD5C0F00ACEC41 /* RouterViewController.swift in Sources */ = {isa = PBXBuildFile; fileRef = 272B44922ADD5C0F00ACEC41 /* RouterViewController.swift */; };
		272B44952ADD80EC00ACEC41 /* Recruit_Rx.swift in Sources */ = {isa = PBXBuildFile; fileRef = 272B44942ADD80EC00ACEC41 /* Recruit_Rx.swift */; };
		272B44972ADE627000ACEC41 /* GoogleService-Info.plist in Resources */ = {isa = PBXBuildFile; fileRef = 272B44962ADE627000ACEC41 /* GoogleService-Info.plist */; };
		272B44992ADE72FC00ACEC41 /* AppleLoginService.swift in Sources */ = {isa = PBXBuildFile; fileRef = 272B44982ADE72FC00ACEC41 /* AppleLoginService.swift */; };
		272B449B2ADEE9B900ACEC41 /* GoogleLoginService.swift in Sources */ = {isa = PBXBuildFile; fileRef = 272B449A2ADEE9B900ACEC41 /* GoogleLoginService.swift */; };
		2736744D2AC3061C003ADE3F /* AppDelegate.swift in Sources */ = {isa = PBXBuildFile; fileRef = 2736744C2AC3061C003ADE3F /* AppDelegate.swift */; };
		2736744F2AC3061C003ADE3F /* SceneDelegate.swift in Sources */ = {isa = PBXBuildFile; fileRef = 2736744E2AC3061C003ADE3F /* SceneDelegate.swift */; };
		273674512AC3061C003ADE3F /* ViewController.swift in Sources */ = {isa = PBXBuildFile; fileRef = 273674502AC3061C003ADE3F /* ViewController.swift */; };
		273674542AC3061C003ADE3F /* Main.storyboard in Resources */ = {isa = PBXBuildFile; fileRef = 273674522AC3061C003ADE3F /* Main.storyboard */; };
		273674562AC3061E003ADE3F /* Assets.xcassets in Resources */ = {isa = PBXBuildFile; fileRef = 273674552AC3061E003ADE3F /* Assets.xcassets */; };
		273674592AC3061E003ADE3F /* LaunchScreen.storyboard in Resources */ = {isa = PBXBuildFile; fileRef = 273674572AC3061E003ADE3F /* LaunchScreen.storyboard */; };
		273674622AC306D6003ADE3F /* SnapKit in Frameworks */ = {isa = PBXBuildFile; productRef = 273674612AC306D6003ADE3F /* SnapKit */; };
		273674672AC306F0003ADE3F /* Then in Frameworks */ = {isa = PBXBuildFile; productRef = 273674662AC306F0003ADE3F /* Then */; };
		2736746A2AC3071A003ADE3F /* RxCocoa in Frameworks */ = {isa = PBXBuildFile; productRef = 273674692AC3071A003ADE3F /* RxCocoa */; };
		2736746C2AC3071A003ADE3F /* RxSwift in Frameworks */ = {isa = PBXBuildFile; productRef = 2736746B2AC3071A003ADE3F /* RxSwift */; };
		2736746F2AC30786003ADE3F /* RxAlamofire in Frameworks */ = {isa = PBXBuildFile; productRef = 2736746E2AC30786003ADE3F /* RxAlamofire */; };
		273674722AC307D6003ADE3F /* FirebaseAuth in Frameworks */ = {isa = PBXBuildFile; productRef = 273674712AC307D6003ADE3F /* FirebaseAuth */; };
		273674742AC307D6003ADE3F /* FirebaseFirestore in Frameworks */ = {isa = PBXBuildFile; productRef = 273674732AC307D6003ADE3F /* FirebaseFirestore */; };
		273674762AC307D6003ADE3F /* FirebaseFirestoreSwift in Frameworks */ = {isa = PBXBuildFile; productRef = 273674752AC307D6003ADE3F /* FirebaseFirestoreSwift */; };
		273674832AC308D1003ADE3F /* Recruit.swift in Sources */ = {isa = PBXBuildFile; fileRef = 273674802AC308D1003ADE3F /* Recruit.swift */; };
		273674842AC308D1003ADE3F /* Field.swift in Sources */ = {isa = PBXBuildFile; fileRef = 273674812AC308D1003ADE3F /* Field.swift */; };
		273674852AC308D1003ADE3F /* PlaygroundList.swift in Sources */ = {isa = PBXBuildFile; fileRef = 273674822AC308D1003ADE3F /* PlaygroundList.swift */; };
		274C21BF2ACFC8E9005469E6 /* LoginViewController.swift in Sources */ = {isa = PBXBuildFile; fileRef = 274C21BE2ACFC8E9005469E6 /* LoginViewController.swift */; };
		274C21C22ACFC92D005469E6 /* SignUpViewController.swift in Sources */ = {isa = PBXBuildFile; fileRef = 274C21C12ACFC92D005469E6 /* SignUpViewController.swift */; };
		274C21C42ACFE932005469E6 /* LoginViewModel.swift in Sources */ = {isa = PBXBuildFile; fileRef = 274C21C32ACFE932005469E6 /* LoginViewModel.swift */; };
		274C21C72ACFF902005469E6 /* TextFieldDelegateHandler.swift in Sources */ = {isa = PBXBuildFile; fileRef = 274C21C62ACFF901005469E6 /* TextFieldDelegateHandler.swift */; };
		274C22112AD6D6EF005469E6 /* HomeTableViewCell.swift in Sources */ = {isa = PBXBuildFile; fileRef = 274C22102AD6D6EF005469E6 /* HomeTableViewCell.swift */; };
		274C22132AD7C16A005469E6 /* HomeViewModel.swift in Sources */ = {isa = PBXBuildFile; fileRef = 274C22122AD7C169005469E6 /* HomeViewModel.swift */; };
		274C22172AD7D826005469E6 /* HomeTableViewController.swift in Sources */ = {isa = PBXBuildFile; fileRef = 274C22162AD7D826005469E6 /* HomeTableViewController.swift */; };
		278E555B2AD800BC00C328D3 /* APIService.swift in Sources */ = {isa = PBXBuildFile; fileRef = 278E555A2AD800BC00C328D3 /* APIService.swift */; };
		278E556A2AD930F900C328D3 /* Response.swift in Sources */ = {isa = PBXBuildFile; fileRef = 278E55692AD930F900C328D3 /* Response.swift */; };
		6609C5312ACD506100798632 /* TestViewController.swift in Sources */ = {isa = PBXBuildFile; fileRef = 6609C5302ACD506100798632 /* TestViewController.swift */; };
		6609C5332ACE8B0E00798632 /* MapViewController+.swift in Sources */ = {isa = PBXBuildFile; fileRef = 6609C5322ACE8B0E00798632 /* MapViewController+.swift */; };
		6609C5352ACE8D3600798632 /* MapViewModel.swift in Sources */ = {isa = PBXBuildFile; fileRef = 6609C5342ACE8D3600798632 /* MapViewModel.swift */; };
		6609C5372ACFCCCD00798632 /* MapModel.swift in Sources */ = {isa = PBXBuildFile; fileRef = 6609C5362ACFCCCD00798632 /* MapModel.swift */; };
		663417CA2AD682AB002FE2CA /* Firebase.swift in Sources */ = {isa = PBXBuildFile; fileRef = 663417C92AD682AB002FE2CA /* Firebase.swift */; };
		663417CC2AD68413002FE2CA /* Constants.swift in Sources */ = {isa = PBXBuildFile; fileRef = 663417CB2AD68413002FE2CA /* Constants.swift */; };
		663417CF2AD68794002FE2CA /* FieldMock.json in Resources */ = {isa = PBXBuildFile; fileRef = 663417CE2AD68794002FE2CA /* FieldMock.json */; };
		663417D12AD695DE002FE2CA /* MockFields.swift in Sources */ = {isa = PBXBuildFile; fileRef = 663417D02AD695DE002FE2CA /* MockFields.swift */; };
		6650C7372AC9ED6F00055571 /* KakaoMapsSDK_SPM in Frameworks */ = {isa = PBXBuildFile; productRef = 6650C7362AC9ED6F00055571 /* KakaoMapsSDK_SPM */; };
		66656F9D2AD9219F00AE1AFA /* FieldDetailViewController.swift in Sources */ = {isa = PBXBuildFile; fileRef = 66656F9C2AD9219F00AE1AFA /* FieldDetailViewController.swift */; };
		66656F9F2AD921D700AE1AFA /* FieldDetailViewModel.swift in Sources */ = {isa = PBXBuildFile; fileRef = 66656F9E2AD921D700AE1AFA /* FieldDetailViewModel.swift */; };
		66656FA12ADD2FB800AE1AFA /* FieldRecruitTableViewCell.swift in Sources */ = {isa = PBXBuildFile; fileRef = 66656FA02ADD2FB800AE1AFA /* FieldRecruitTableViewCell.swift */; };
		669674882AC3E82B0067FD48 /* MainTabController.swift in Sources */ = {isa = PBXBuildFile; fileRef = 669674872AC3E82B0067FD48 /* MainTabController.swift */; };
		6696748F2AC3E9CE0067FD48 /* HomeViewController.swift in Sources */ = {isa = PBXBuildFile; fileRef = 6696748E2AC3E9CE0067FD48 /* HomeViewController.swift */; };
		669674912AC3E9D40067FD48 /* MapViewController.swift in Sources */ = {isa = PBXBuildFile; fileRef = 669674902AC3E9D40067FD48 /* MapViewController.swift */; };
		669674932AC3E9DF0067FD48 /* InfoViewController.swift in Sources */ = {isa = PBXBuildFile; fileRef = 669674922AC3E9DF0067FD48 /* InfoViewController.swift */; };
		7C141C622ADA5F38002CF180 /* SocialLoginViewController.swift in Sources */ = {isa = PBXBuildFile; fileRef = 7C141C612ADA5F38002CF180 /* SocialLoginViewController.swift */; };
		7C141C652ADA6008002CF180 /* KakaoSDK in Frameworks */ = {isa = PBXBuildFile; productRef = 7C141C642ADA6008002CF180 /* KakaoSDK */; };
		7C141C672ADA6008002CF180 /* KakaoSDKAuth in Frameworks */ = {isa = PBXBuildFile; productRef = 7C141C662ADA6008002CF180 /* KakaoSDKAuth */; };
		7C141C692ADA6008002CF180 /* KakaoSDKCommon in Frameworks */ = {isa = PBXBuildFile; productRef = 7C141C682ADA6008002CF180 /* KakaoSDKCommon */; };
		7C141C6B2ADA6008002CF180 /* KakaoSDKFriend in Frameworks */ = {isa = PBXBuildFile; productRef = 7C141C6A2ADA6008002CF180 /* KakaoSDKFriend */; };
		7C141C6D2ADA6008002CF180 /* KakaoSDKFriendCore in Frameworks */ = {isa = PBXBuildFile; productRef = 7C141C6C2ADA6008002CF180 /* KakaoSDKFriendCore */; };
		7C5F77582AC96A7E004CE48F /* DetailUserInfoCell.swift in Sources */ = {isa = PBXBuildFile; fileRef = 7C5F77572AC96A7E004CE48F /* DetailUserInfoCell.swift */; };
		7C5F775C2AC9C698004CE48F /* InviteViewController.swift in Sources */ = {isa = PBXBuildFile; fileRef = 7C5F775B2AC9C698004CE48F /* InviteViewController.swift */; };
		7C5F775E2AC9CE8A004CE48F /* DateCell.swift in Sources */ = {isa = PBXBuildFile; fileRef = 7C5F775D2AC9CE8A004CE48F /* DateCell.swift */; };
		7C5F77602AC9DA08004CE48F /* GroundTitleView.swift in Sources */ = {isa = PBXBuildFile; fileRef = 7C5F775F2AC9DA08004CE48F /* GroundTitleView.swift */; };
		7C5F77622AC9DB7B004CE48F /* PeopleCountView.swift in Sources */ = {isa = PBXBuildFile; fileRef = 7C5F77612AC9DB7B004CE48F /* PeopleCountView.swift */; };
		7C5F77642AC9E180004CE48F /* UIView+.swift in Sources */ = {isa = PBXBuildFile; fileRef = 7C5F77632AC9E180004CE48F /* UIView+.swift */; };
		7CB21BA32AC94D36001D0058 /* DetailViewController.swift in Sources */ = {isa = PBXBuildFile; fileRef = 7CB21BA22AC94D36001D0058 /* DetailViewController.swift */; };
		7CB21BA52AC94EE4001D0058 /* DetailUserInfoView.swift in Sources */ = {isa = PBXBuildFile; fileRef = 7CB21BA42AC94EE4001D0058 /* DetailUserInfoView.swift */; };
		7CC619742AD433760085DF90 /* ProfileAndEditView.swift in Sources */ = {isa = PBXBuildFile; fileRef = 7CC619732AD433760085DF90 /* ProfileAndEditView.swift */; };
		7CC619762AD448A90085DF90 /* InfoCell.swift in Sources */ = {isa = PBXBuildFile; fileRef = 7CC619752AD448A90085DF90 /* InfoCell.swift */; };
		7CC619782AD460D80085DF90 /* infoArrangedView.swift in Sources */ = {isa = PBXBuildFile; fileRef = 7CC619772AD460D80085DF90 /* infoArrangedView.swift */; };
		7CE25AE62ACABF620014132F /* CustomButton.swift in Sources */ = {isa = PBXBuildFile; fileRef = 7CE25AE52ACABF620014132F /* CustomButton.swift */; };
		7CE563AA2AD140A9005DE2DF /* LayoutOptions.swift in Sources */ = {isa = PBXBuildFile; fileRef = 7CE563A92AD140A9005DE2DF /* LayoutOptions.swift */; };
		7CE563AC2AD1425F005DE2DF /* DetailViewController+.swift in Sources */ = {isa = PBXBuildFile; fileRef = 7CE563AB2AD1425F005DE2DF /* DetailViewController+.swift */; };
		7CF175E32ADD1CB500615BBF /* KakaoLoginService.swift in Sources */ = {isa = PBXBuildFile; fileRef = 7CF175E22ADD1CB500615BBF /* KakaoLoginService.swift */; };
/* End PBXBuildFile section */

/* Begin PBXFileReference section */
		272B44872ADD2AE000ACEC41 /* KeychainItem.swift */ = {isa = PBXFileReference; lastKnownFileType = sourcecode.swift; path = KeychainItem.swift; sourceTree = "<group>"; };
		272B44922ADD5C0F00ACEC41 /* RouterViewController.swift */ = {isa = PBXFileReference; lastKnownFileType = sourcecode.swift; path = RouterViewController.swift; sourceTree = "<group>"; };
		272B44942ADD80EC00ACEC41 /* Recruit_Rx.swift */ = {isa = PBXFileReference; lastKnownFileType = sourcecode.swift; path = Recruit_Rx.swift; sourceTree = "<group>"; };
		272B44962ADE627000ACEC41 /* GoogleService-Info.plist */ = {isa = PBXFileReference; fileEncoding = 4; lastKnownFileType = text.plist.xml; name = "GoogleService-Info.plist"; path = "../../../../Downloads/GoogleService-Info.plist"; sourceTree = "<group>"; };
		272B44982ADE72FC00ACEC41 /* AppleLoginService.swift */ = {isa = PBXFileReference; lastKnownFileType = sourcecode.swift; path = AppleLoginService.swift; sourceTree = "<group>"; };
		272B449A2ADEE9B900ACEC41 /* GoogleLoginService.swift */ = {isa = PBXFileReference; lastKnownFileType = sourcecode.swift; path = GoogleLoginService.swift; sourceTree = "<group>"; };
		273674492AC3061C003ADE3F /* Around-Football.app */ = {isa = PBXFileReference; explicitFileType = wrapper.application; includeInIndex = 0; path = "Around-Football.app"; sourceTree = BUILT_PRODUCTS_DIR; };
		2736744C2AC3061C003ADE3F /* AppDelegate.swift */ = {isa = PBXFileReference; lastKnownFileType = sourcecode.swift; path = AppDelegate.swift; sourceTree = "<group>"; };
		2736744E2AC3061C003ADE3F /* SceneDelegate.swift */ = {isa = PBXFileReference; lastKnownFileType = sourcecode.swift; path = SceneDelegate.swift; sourceTree = "<group>"; };
		273674502AC3061C003ADE3F /* ViewController.swift */ = {isa = PBXFileReference; lastKnownFileType = sourcecode.swift; path = ViewController.swift; sourceTree = "<group>"; };
		273674532AC3061C003ADE3F /* Base */ = {isa = PBXFileReference; lastKnownFileType = file.storyboard; name = Base; path = Base.lproj/Main.storyboard; sourceTree = "<group>"; };
		273674552AC3061E003ADE3F /* Assets.xcassets */ = {isa = PBXFileReference; lastKnownFileType = folder.assetcatalog; path = Assets.xcassets; sourceTree = "<group>"; };
		273674582AC3061E003ADE3F /* Base */ = {isa = PBXFileReference; lastKnownFileType = file.storyboard; name = Base; path = Base.lproj/LaunchScreen.storyboard; sourceTree = "<group>"; };
		2736745A2AC3061E003ADE3F /* Info.plist */ = {isa = PBXFileReference; lastKnownFileType = text.plist.xml; path = Info.plist; sourceTree = "<group>"; };
		273674802AC308D1003ADE3F /* Recruit.swift */ = {isa = PBXFileReference; fileEncoding = 4; lastKnownFileType = sourcecode.swift; path = Recruit.swift; sourceTree = "<group>"; };
		273674812AC308D1003ADE3F /* Field.swift */ = {isa = PBXFileReference; fileEncoding = 4; lastKnownFileType = sourcecode.swift; path = Field.swift; sourceTree = "<group>"; };
		273674822AC308D1003ADE3F /* PlaygroundList.swift */ = {isa = PBXFileReference; fileEncoding = 4; lastKnownFileType = sourcecode.swift; path = PlaygroundList.swift; sourceTree = "<group>"; };
		274C21BE2ACFC8E9005469E6 /* LoginViewController.swift */ = {isa = PBXFileReference; lastKnownFileType = sourcecode.swift; path = LoginViewController.swift; sourceTree = "<group>"; };
		274C21C12ACFC92D005469E6 /* SignUpViewController.swift */ = {isa = PBXFileReference; lastKnownFileType = sourcecode.swift; path = SignUpViewController.swift; sourceTree = "<group>"; };
		274C21C32ACFE932005469E6 /* LoginViewModel.swift */ = {isa = PBXFileReference; lastKnownFileType = sourcecode.swift; path = LoginViewModel.swift; sourceTree = "<group>"; };
		274C21C62ACFF901005469E6 /* TextFieldDelegateHandler.swift */ = {isa = PBXFileReference; lastKnownFileType = sourcecode.swift; path = TextFieldDelegateHandler.swift; sourceTree = "<group>"; };
		274C22102AD6D6EF005469E6 /* HomeTableViewCell.swift */ = {isa = PBXFileReference; lastKnownFileType = sourcecode.swift; path = HomeTableViewCell.swift; sourceTree = "<group>"; };
		274C22122AD7C169005469E6 /* HomeViewModel.swift */ = {isa = PBXFileReference; lastKnownFileType = sourcecode.swift; path = HomeViewModel.swift; sourceTree = "<group>"; };
		274C22162AD7D826005469E6 /* HomeTableViewController.swift */ = {isa = PBXFileReference; lastKnownFileType = sourcecode.swift; path = HomeTableViewController.swift; sourceTree = "<group>"; };
		278E555A2AD800BC00C328D3 /* APIService.swift */ = {isa = PBXFileReference; lastKnownFileType = sourcecode.swift; path = APIService.swift; sourceTree = "<group>"; };
		278E55692AD930F900C328D3 /* Response.swift */ = {isa = PBXFileReference; lastKnownFileType = sourcecode.swift; path = Response.swift; sourceTree = "<group>"; };
		6609C5302ACD506100798632 /* TestViewController.swift */ = {isa = PBXFileReference; lastKnownFileType = sourcecode.swift; path = TestViewController.swift; sourceTree = "<group>"; };
		6609C5322ACE8B0E00798632 /* MapViewController+.swift */ = {isa = PBXFileReference; lastKnownFileType = sourcecode.swift; path = "MapViewController+.swift"; sourceTree = "<group>"; };
		6609C5342ACE8D3600798632 /* MapViewModel.swift */ = {isa = PBXFileReference; lastKnownFileType = sourcecode.swift; path = MapViewModel.swift; sourceTree = "<group>"; };
		6609C5362ACFCCCD00798632 /* MapModel.swift */ = {isa = PBXFileReference; lastKnownFileType = sourcecode.swift; path = MapModel.swift; sourceTree = "<group>"; };
		663417C92AD682AB002FE2CA /* Firebase.swift */ = {isa = PBXFileReference; lastKnownFileType = sourcecode.swift; path = Firebase.swift; sourceTree = "<group>"; };
		663417CB2AD68413002FE2CA /* Constants.swift */ = {isa = PBXFileReference; lastKnownFileType = sourcecode.swift; path = Constants.swift; sourceTree = "<group>"; };
		663417CE2AD68794002FE2CA /* FieldMock.json */ = {isa = PBXFileReference; lastKnownFileType = text.json; path = FieldMock.json; sourceTree = "<group>"; };
		663417D02AD695DE002FE2CA /* MockFields.swift */ = {isa = PBXFileReference; lastKnownFileType = sourcecode.swift; path = MockFields.swift; sourceTree = "<group>"; };
		66656F9C2AD9219F00AE1AFA /* FieldDetailViewController.swift */ = {isa = PBXFileReference; lastKnownFileType = sourcecode.swift; path = FieldDetailViewController.swift; sourceTree = "<group>"; };
		66656F9E2AD921D700AE1AFA /* FieldDetailViewModel.swift */ = {isa = PBXFileReference; lastKnownFileType = sourcecode.swift; path = FieldDetailViewModel.swift; sourceTree = "<group>"; };
		66656FA02ADD2FB800AE1AFA /* FieldRecruitTableViewCell.swift */ = {isa = PBXFileReference; lastKnownFileType = sourcecode.swift; path = FieldRecruitTableViewCell.swift; sourceTree = "<group>"; };
		669674872AC3E82B0067FD48 /* MainTabController.swift */ = {isa = PBXFileReference; lastKnownFileType = sourcecode.swift; path = MainTabController.swift; sourceTree = "<group>"; };
		6696748E2AC3E9CE0067FD48 /* HomeViewController.swift */ = {isa = PBXFileReference; lastKnownFileType = sourcecode.swift; path = HomeViewController.swift; sourceTree = "<group>"; };
		669674902AC3E9D40067FD48 /* MapViewController.swift */ = {isa = PBXFileReference; lastKnownFileType = sourcecode.swift; path = MapViewController.swift; sourceTree = "<group>"; };
		669674922AC3E9DF0067FD48 /* InfoViewController.swift */ = {isa = PBXFileReference; lastKnownFileType = sourcecode.swift; path = InfoViewController.swift; sourceTree = "<group>"; };
		7C141C612ADA5F38002CF180 /* SocialLoginViewController.swift */ = {isa = PBXFileReference; lastKnownFileType = sourcecode.swift; path = SocialLoginViewController.swift; sourceTree = "<group>"; };
		7C5F77572AC96A7E004CE48F /* DetailUserInfoCell.swift */ = {isa = PBXFileReference; lastKnownFileType = sourcecode.swift; path = DetailUserInfoCell.swift; sourceTree = "<group>"; };
		7C5F775B2AC9C698004CE48F /* InviteViewController.swift */ = {isa = PBXFileReference; lastKnownFileType = sourcecode.swift; path = InviteViewController.swift; sourceTree = "<group>"; };
		7C5F775D2AC9CE8A004CE48F /* DateCell.swift */ = {isa = PBXFileReference; lastKnownFileType = sourcecode.swift; path = DateCell.swift; sourceTree = "<group>"; };
		7C5F775F2AC9DA08004CE48F /* GroundTitleView.swift */ = {isa = PBXFileReference; lastKnownFileType = sourcecode.swift; path = GroundTitleView.swift; sourceTree = "<group>"; };
		7C5F77612AC9DB7B004CE48F /* PeopleCountView.swift */ = {isa = PBXFileReference; lastKnownFileType = sourcecode.swift; path = PeopleCountView.swift; sourceTree = "<group>"; };
		7C5F77632AC9E180004CE48F /* UIView+.swift */ = {isa = PBXFileReference; lastKnownFileType = sourcecode.swift; path = "UIView+.swift"; sourceTree = "<group>"; };
		7C78830C2ADE54970028D555 /* Around-Football.entitlements */ = {isa = PBXFileReference; lastKnownFileType = text.plist.entitlements; path = "Around-Football.entitlements"; sourceTree = "<group>"; };
		7CB21BA22AC94D36001D0058 /* DetailViewController.swift */ = {isa = PBXFileReference; lastKnownFileType = sourcecode.swift; path = DetailViewController.swift; sourceTree = "<group>"; };
		7CB21BA42AC94EE4001D0058 /* DetailUserInfoView.swift */ = {isa = PBXFileReference; lastKnownFileType = sourcecode.swift; path = DetailUserInfoView.swift; sourceTree = "<group>"; };
		7CC619732AD433760085DF90 /* ProfileAndEditView.swift */ = {isa = PBXFileReference; lastKnownFileType = sourcecode.swift; path = ProfileAndEditView.swift; sourceTree = "<group>"; };
		7CC619752AD448A90085DF90 /* InfoCell.swift */ = {isa = PBXFileReference; lastKnownFileType = sourcecode.swift; path = InfoCell.swift; sourceTree = "<group>"; };
		7CC619772AD460D80085DF90 /* infoArrangedView.swift */ = {isa = PBXFileReference; lastKnownFileType = sourcecode.swift; path = infoArrangedView.swift; sourceTree = "<group>"; };
		7CE25AE52ACABF620014132F /* CustomButton.swift */ = {isa = PBXFileReference; lastKnownFileType = sourcecode.swift; path = CustomButton.swift; sourceTree = "<group>"; };
		7CE563A92AD140A9005DE2DF /* LayoutOptions.swift */ = {isa = PBXFileReference; lastKnownFileType = sourcecode.swift; path = LayoutOptions.swift; sourceTree = "<group>"; };
		7CE563AB2AD1425F005DE2DF /* DetailViewController+.swift */ = {isa = PBXFileReference; lastKnownFileType = sourcecode.swift; path = "DetailViewController+.swift"; sourceTree = "<group>"; };
		7CF175E22ADD1CB500615BBF /* KakaoLoginService.swift */ = {isa = PBXFileReference; lastKnownFileType = sourcecode.swift; path = KakaoLoginService.swift; sourceTree = "<group>"; };
/* End PBXFileReference section */

/* Begin PBXFrameworksBuildPhase section */
		273674462AC3061C003ADE3F /* Frameworks */ = {
			isa = PBXFrameworksBuildPhase;
			buildActionMask = 2147483647;
			files = (
				7C141C6D2ADA6008002CF180 /* KakaoSDKFriendCore in Frameworks */,
				273674622AC306D6003ADE3F /* SnapKit in Frameworks */,
				7C141C652ADA6008002CF180 /* KakaoSDK in Frameworks */,
				6650C7372AC9ED6F00055571 /* KakaoMapsSDK_SPM in Frameworks */,
				7C141C6B2ADA6008002CF180 /* KakaoSDKFriend in Frameworks */,
				273674672AC306F0003ADE3F /* Then in Frameworks */,
				7C141C692ADA6008002CF180 /* KakaoSDKCommon in Frameworks */,
				2736746C2AC3071A003ADE3F /* RxSwift in Frameworks */,
				2736746F2AC30786003ADE3F /* RxAlamofire in Frameworks */,
				7C141C672ADA6008002CF180 /* KakaoSDKAuth in Frameworks */,
				272B448B2ADD375700ACEC41 /* GoogleSignIn in Frameworks */,
				2736746A2AC3071A003ADE3F /* RxCocoa in Frameworks */,
				273674742AC307D6003ADE3F /* FirebaseFirestore in Frameworks */,
				273674722AC307D6003ADE3F /* FirebaseAuth in Frameworks */,
				273674762AC307D6003ADE3F /* FirebaseFirestoreSwift in Frameworks */,
				272B448D2ADD375700ACEC41 /* GoogleSignInSwift in Frameworks */,
			);
			runOnlyForDeploymentPostprocessing = 0;
		};
/* End PBXFrameworksBuildPhase section */

/* Begin PBXGroup section */
		273674402AC3061C003ADE3F = {
			isa = PBXGroup;
			children = (
				2736744B2AC3061C003ADE3F /* Around-Football */,
				2736744A2AC3061C003ADE3F /* Products */,
			);
			sourceTree = "<group>";
		};
		2736744A2AC3061C003ADE3F /* Products */ = {
			isa = PBXGroup;
			children = (
				273674492AC3061C003ADE3F /* Around-Football.app */,
			);
			name = Products;
			sourceTree = "<group>";
		};
		2736744B2AC3061C003ADE3F /* Around-Football */ = {
			isa = PBXGroup;
			children = (
				7C78830C2ADE54970028D555 /* Around-Football.entitlements */,
				663417CD2AD68767002FE2CA /* MockData */,
				2736747F2AC308D1003ADE3F /* Models */,
				7CE563A72AD13DA3005DE2DF /* ViewModels */,
				6696748A2AC3E9740067FD48 /* Views */,
				7CE25AE72ACAC3370014132F /* Extension */,
				663417C82AD68299002FE2CA /* Network */,
				7CE563A82AD13E82005DE2DF /* Utiles */,
				2736744C2AC3061C003ADE3F /* AppDelegate.swift */,
				2736744E2AC3061C003ADE3F /* SceneDelegate.swift */,
				273674502AC3061C003ADE3F /* ViewController.swift */,
				273674522AC3061C003ADE3F /* Main.storyboard */,
				273674552AC3061E003ADE3F /* Assets.xcassets */,
				273674572AC3061E003ADE3F /* LaunchScreen.storyboard */,
				2736745A2AC3061E003ADE3F /* Info.plist */,
				272B44962ADE627000ACEC41 /* GoogleService-Info.plist */,
			);
			path = "Around-Football";
			sourceTree = "<group>";
		};
		2736747F2AC308D1003ADE3F /* Models */ = {
			isa = PBXGroup;
			children = (
				273674802AC308D1003ADE3F /* Recruit.swift */,
				272B44942ADD80EC00ACEC41 /* Recruit_Rx.swift */,
				273674812AC308D1003ADE3F /* Field.swift */,
				273674822AC308D1003ADE3F /* PlaygroundList.swift */,
				6609C5362ACFCCCD00798632 /* MapModel.swift */,
			);
			path = Models;
			sourceTree = "<group>";
		};
		274C21BD2ACFC8C4005469E6 /* LoginView */ = {
			isa = PBXGroup;
			children = (
				274C21BE2ACFC8E9005469E6 /* LoginViewController.swift */,
				7C141C612ADA5F38002CF180 /* SocialLoginViewController.swift */,
				7CF175E22ADD1CB500615BBF /* KakaoLoginService.swift */,
				272B44982ADE72FC00ACEC41 /* AppleLoginService.swift */,
				272B449A2ADEE9B900ACEC41 /* GoogleLoginService.swift */,
				272B44872ADD2AE000ACEC41 /* KeychainItem.swift */,
			);
			path = LoginView;
			sourceTree = "<group>";
		};
		274C21C02ACFC91D005469E6 /* SignUpView */ = {
			isa = PBXGroup;
			children = (
				274C21C12ACFC92D005469E6 /* SignUpViewController.swift */,
			);
			path = SignUpView;
			sourceTree = "<group>";
		};
		663417C82AD68299002FE2CA /* Network */ = {
			isa = PBXGroup;
			children = (
				663417C92AD682AB002FE2CA /* Firebase.swift */,
			);
			path = Network;
			sourceTree = "<group>";
		};
		663417CD2AD68767002FE2CA /* MockData */ = {
			isa = PBXGroup;
			children = (
				663417CE2AD68794002FE2CA /* FieldMock.json */,
				663417D02AD695DE002FE2CA /* MockFields.swift */,
			);
			path = MockData;
			sourceTree = "<group>";
		};
		6696748A2AC3E9740067FD48 /* Views */ = {
			isa = PBXGroup;
			children = (
				669674872AC3E82B0067FD48 /* MainTabController.swift */,
				272B44922ADD5C0F00ACEC41 /* RouterViewController.swift */,
				274C21BD2ACFC8C4005469E6 /* LoginView */,
				274C21C02ACFC91D005469E6 /* SignUpView */,
				6696748B2AC3E9810067FD48 /* HomeView */,
				6696748C2AC3E9940067FD48 /* MapView */,
				7C5F77592AC9716B004CE48F /* DetailView */,
				7C5F775A2AC9C5B5004CE48F /* InviteView */,
				6696748D2AC3E9970067FD48 /* InfoView */,
			);
			path = Views;
			sourceTree = "<group>";
		};
		6696748B2AC3E9810067FD48 /* HomeView */ = {
			isa = PBXGroup;
			children = (
				6696748E2AC3E9CE0067FD48 /* HomeViewController.swift */,
				274C22162AD7D826005469E6 /* HomeTableViewController.swift */,
				274C22102AD6D6EF005469E6 /* HomeTableViewCell.swift */,
			);
			path = HomeView;
			sourceTree = "<group>";
		};
		6696748C2AC3E9940067FD48 /* MapView */ = {
			isa = PBXGroup;
			children = (
				669674902AC3E9D40067FD48 /* MapViewController.swift */,
				6609C5322ACE8B0E00798632 /* MapViewController+.swift */,
				6609C5302ACD506100798632 /* TestViewController.swift */,
				66656F9C2AD9219F00AE1AFA /* FieldDetailViewController.swift */,
				66656FA02ADD2FB800AE1AFA /* FieldRecruitTableViewCell.swift */,
			);
			path = MapView;
			sourceTree = "<group>";
		};
		6696748D2AC3E9970067FD48 /* InfoView */ = {
			isa = PBXGroup;
			children = (
				669674922AC3E9DF0067FD48 /* InfoViewController.swift */,
				7CC619732AD433760085DF90 /* ProfileAndEditView.swift */,
				7CC619752AD448A90085DF90 /* InfoCell.swift */,
				7CC619772AD460D80085DF90 /* infoArrangedView.swift */,
			);
			path = InfoView;
			sourceTree = "<group>";
		};
		7C5F77592AC9716B004CE48F /* DetailView */ = {
			isa = PBXGroup;
			children = (
				7CB21BA22AC94D36001D0058 /* DetailViewController.swift */,
				7CE563AB2AD1425F005DE2DF /* DetailViewController+.swift */,
				7CB21BA42AC94EE4001D0058 /* DetailUserInfoView.swift */,
				7C5F77572AC96A7E004CE48F /* DetailUserInfoCell.swift */,
			);
			path = DetailView;
			sourceTree = "<group>";
		};
		7C5F775A2AC9C5B5004CE48F /* InviteView */ = {
			isa = PBXGroup;
			children = (
				7C5F775B2AC9C698004CE48F /* InviteViewController.swift */,
				7C5F775D2AC9CE8A004CE48F /* DateCell.swift */,
				7C5F775F2AC9DA08004CE48F /* GroundTitleView.swift */,
				7C5F77612AC9DB7B004CE48F /* PeopleCountView.swift */,
			);
			path = InviteView;
			sourceTree = "<group>";
		};
		7CE25AE72ACAC3370014132F /* Extension */ = {
			isa = PBXGroup;
			children = (
				7C5F77632AC9E180004CE48F /* UIView+.swift */,
			);
			path = Extension;
			sourceTree = "<group>";
		};
		7CE563A72AD13DA3005DE2DF /* ViewModels */ = {
			isa = PBXGroup;
			children = (
				274C21C32ACFE932005469E6 /* LoginViewModel.swift */,
				274C22122AD7C169005469E6 /* HomeViewModel.swift */,
				6609C5342ACE8D3600798632 /* MapViewModel.swift */,
				66656F9E2AD921D700AE1AFA /* FieldDetailViewModel.swift */,
			);
			path = ViewModels;
			sourceTree = "<group>";
		};
		7CE563A82AD13E82005DE2DF /* Utiles */ = {
			isa = PBXGroup;
			children = (
				7CE563A92AD140A9005DE2DF /* LayoutOptions.swift */,
				274C21C62ACFF901005469E6 /* TextFieldDelegateHandler.swift */,
				7CE25AE52ACABF620014132F /* CustomButton.swift */,
				663417CB2AD68413002FE2CA /* Constants.swift */,
				278E555A2AD800BC00C328D3 /* APIService.swift */,
				278E55692AD930F900C328D3 /* Response.swift */,
			);
			path = Utiles;
			sourceTree = "<group>";
		};
/* End PBXGroup section */

/* Begin PBXNativeTarget section */
		273674482AC3061C003ADE3F /* Around-Football */ = {
			isa = PBXNativeTarget;
			buildConfigurationList = 2736745D2AC3061E003ADE3F /* Build configuration list for PBXNativeTarget "Around-Football" */;
			buildPhases = (
				273674452AC3061C003ADE3F /* Sources */,
				273674462AC3061C003ADE3F /* Frameworks */,
				273674472AC3061C003ADE3F /* Resources */,
			);
			buildRules = (
			);
			dependencies = (
			);
			name = "Around-Football";
			packageProductDependencies = (
				273674612AC306D6003ADE3F /* SnapKit */,
				273674662AC306F0003ADE3F /* Then */,
				273674692AC3071A003ADE3F /* RxCocoa */,
				2736746B2AC3071A003ADE3F /* RxSwift */,
				2736746E2AC30786003ADE3F /* RxAlamofire */,
				273674712AC307D6003ADE3F /* FirebaseAuth */,
				273674732AC307D6003ADE3F /* FirebaseFirestore */,
				273674752AC307D6003ADE3F /* FirebaseFirestoreSwift */,
				6650C7362AC9ED6F00055571 /* KakaoMapsSDK_SPM */,
				7C141C642ADA6008002CF180 /* KakaoSDK */,
				7C141C662ADA6008002CF180 /* KakaoSDKAuth */,
				7C141C682ADA6008002CF180 /* KakaoSDKCommon */,
				7C141C6A2ADA6008002CF180 /* KakaoSDKFriend */,
				7C141C6C2ADA6008002CF180 /* KakaoSDKFriendCore */,
				272B448A2ADD375700ACEC41 /* GoogleSignIn */,
				272B448C2ADD375700ACEC41 /* GoogleSignInSwift */,
			);
			productName = "Around-Football";
			productReference = 273674492AC3061C003ADE3F /* Around-Football.app */;
			productType = "com.apple.product-type.application";
		};
/* End PBXNativeTarget section */

/* Begin PBXProject section */
		273674412AC3061C003ADE3F /* Project object */ = {
			isa = PBXProject;
			attributes = {
				BuildIndependentTargetsInParallel = 1;
				LastSwiftUpdateCheck = 1430;
				LastUpgradeCheck = 1500;
				TargetAttributes = {
					273674482AC3061C003ADE3F = {
						CreatedOnToolsVersion = 14.3.1;
					};
				};
			};
			buildConfigurationList = 273674442AC3061C003ADE3F /* Build configuration list for PBXProject "Around-Football" */;
			compatibilityVersion = "Xcode 14.0";
			developmentRegion = en;
			hasScannedForEncodings = 0;
			knownRegions = (
				en,
				Base,
			);
			mainGroup = 273674402AC3061C003ADE3F;
			packageReferences = (
				273674602AC306D6003ADE3F /* XCRemoteSwiftPackageReference "SnapKit" */,
				273674652AC306F0003ADE3F /* XCRemoteSwiftPackageReference "Then" */,
				273674682AC3071A003ADE3F /* XCRemoteSwiftPackageReference "RxSwift" */,
				2736746D2AC30786003ADE3F /* XCRemoteSwiftPackageReference "RxAlamofire" */,
				273674702AC307D6003ADE3F /* XCRemoteSwiftPackageReference "firebase-ios-sdk" */,
				6650C7352AC9ED6F00055571 /* XCRemoteSwiftPackageReference "KakaoMapsSDK-SPM" */,
				7C141C632ADA6008002CF180 /* XCRemoteSwiftPackageReference "kakao-ios-sdk" */,
				272B44892ADD375700ACEC41 /* XCRemoteSwiftPackageReference "GoogleSignIn-iOS" */,
			);
			productRefGroup = 2736744A2AC3061C003ADE3F /* Products */;
			projectDirPath = "";
			projectRoot = "";
			targets = (
				273674482AC3061C003ADE3F /* Around-Football */,
			);
		};
/* End PBXProject section */

/* Begin PBXResourcesBuildPhase section */
		273674472AC3061C003ADE3F /* Resources */ = {
			isa = PBXResourcesBuildPhase;
			buildActionMask = 2147483647;
			files = (
				663417CF2AD68794002FE2CA /* FieldMock.json in Resources */,
				273674592AC3061E003ADE3F /* LaunchScreen.storyboard in Resources */,
				272B44972ADE627000ACEC41 /* GoogleService-Info.plist in Resources */,
				273674562AC3061E003ADE3F /* Assets.xcassets in Resources */,
				273674542AC3061C003ADE3F /* Main.storyboard in Resources */,
			);
			runOnlyForDeploymentPostprocessing = 0;
		};
/* End PBXResourcesBuildPhase section */

/* Begin PBXSourcesBuildPhase section */
		273674452AC3061C003ADE3F /* Sources */ = {
			isa = PBXSourcesBuildPhase;
			buildActionMask = 2147483647;
			files = (
				663417CA2AD682AB002FE2CA /* Firebase.swift in Sources */,
				7CE563AA2AD140A9005DE2DF /* LayoutOptions.swift in Sources */,
				7C5F77582AC96A7E004CE48F /* DetailUserInfoCell.swift in Sources */,
				7CC619782AD460D80085DF90 /* infoArrangedView.swift in Sources */,
				7CC619742AD433760085DF90 /* ProfileAndEditView.swift in Sources */,
				7CF175E32ADD1CB500615BBF /* KakaoLoginService.swift in Sources */,
				7CE25AE62ACABF620014132F /* CustomButton.swift in Sources */,
				66656F9D2AD9219F00AE1AFA /* FieldDetailViewController.swift in Sources */,
				7C5F775E2AC9CE8A004CE48F /* DateCell.swift in Sources */,
				66656FA12ADD2FB800AE1AFA /* FieldRecruitTableViewCell.swift in Sources */,
				272B44952ADD80EC00ACEC41 /* Recruit_Rx.swift in Sources */,
				278E555B2AD800BC00C328D3 /* APIService.swift in Sources */,
				7CB21BA32AC94D36001D0058 /* DetailViewController.swift in Sources */,
				7C5F77622AC9DB7B004CE48F /* PeopleCountView.swift in Sources */,
				274C22112AD6D6EF005469E6 /* HomeTableViewCell.swift in Sources */,
				7CE563AC2AD1425F005DE2DF /* DetailViewController+.swift in Sources */,
				274C22172AD7D826005469E6 /* HomeTableViewController.swift in Sources */,
				273674842AC308D1003ADE3F /* Field.swift in Sources */,
				272B449B2ADEE9B900ACEC41 /* GoogleLoginService.swift in Sources */,
				273674512AC3061C003ADE3F /* ViewController.swift in Sources */,
				6609C5312ACD506100798632 /* TestViewController.swift in Sources */,
				669674882AC3E82B0067FD48 /* MainTabController.swift in Sources */,
				663417D12AD695DE002FE2CA /* MockFields.swift in Sources */,
				7C5F775C2AC9C698004CE48F /* InviteViewController.swift in Sources */,
				6609C5372ACFCCCD00798632 /* MapModel.swift in Sources */,
				6609C5352ACE8D3600798632 /* MapViewModel.swift in Sources */,
				6696748F2AC3E9CE0067FD48 /* HomeViewController.swift in Sources */,
				7C5F77642AC9E180004CE48F /* UIView+.swift in Sources */,
				669674932AC3E9DF0067FD48 /* InfoViewController.swift in Sources */,
				66656F9F2AD921D700AE1AFA /* FieldDetailViewModel.swift in Sources */,
				272B44932ADD5C0F00ACEC41 /* RouterViewController.swift in Sources */,
				278E556A2AD930F900C328D3 /* Response.swift in Sources */,
				669674912AC3E9D40067FD48 /* MapViewController.swift in Sources */,
				663417CC2AD68413002FE2CA /* Constants.swift in Sources */,
				274C21C22ACFC92D005469E6 /* SignUpViewController.swift in Sources */,
				273674852AC308D1003ADE3F /* PlaygroundList.swift in Sources */,
				7C141C622ADA5F38002CF180 /* SocialLoginViewController.swift in Sources */,
				274C21C42ACFE932005469E6 /* LoginViewModel.swift in Sources */,
				272B44992ADE72FC00ACEC41 /* AppleLoginService.swift in Sources */,
				2736744D2AC3061C003ADE3F /* AppDelegate.swift in Sources */,
				7C5F77602AC9DA08004CE48F /* GroundTitleView.swift in Sources */,
				7CB21BA52AC94EE4001D0058 /* DetailUserInfoView.swift in Sources */,
				273674832AC308D1003ADE3F /* Recruit.swift in Sources */,
				7CC619762AD448A90085DF90 /* InfoCell.swift in Sources */,
				272B44882ADD2AE000ACEC41 /* KeychainItem.swift in Sources */,
				274C21C72ACFF902005469E6 /* TextFieldDelegateHandler.swift in Sources */,
				2736744F2AC3061C003ADE3F /* SceneDelegate.swift in Sources */,
				274C21BF2ACFC8E9005469E6 /* LoginViewController.swift in Sources */,
				274C22132AD7C16A005469E6 /* HomeViewModel.swift in Sources */,
				6609C5332ACE8B0E00798632 /* MapViewController+.swift in Sources */,
			);
			runOnlyForDeploymentPostprocessing = 0;
		};
/* End PBXSourcesBuildPhase section */

/* Begin PBXVariantGroup section */
		273674522AC3061C003ADE3F /* Main.storyboard */ = {
			isa = PBXVariantGroup;
			children = (
				273674532AC3061C003ADE3F /* Base */,
			);
			name = Main.storyboard;
			sourceTree = "<group>";
		};
		273674572AC3061E003ADE3F /* LaunchScreen.storyboard */ = {
			isa = PBXVariantGroup;
			children = (
				273674582AC3061E003ADE3F /* Base */,
			);
			name = LaunchScreen.storyboard;
			sourceTree = "<group>";
		};
/* End PBXVariantGroup section */

/* Begin XCBuildConfiguration section */
		2736745B2AC3061E003ADE3F /* Debug */ = {
			isa = XCBuildConfiguration;
			buildSettings = {
				ALWAYS_SEARCH_USER_PATHS = NO;
				CLANG_ANALYZER_NONNULL = YES;
				CLANG_ANALYZER_NUMBER_OBJECT_CONVERSION = YES_AGGRESSIVE;
				CLANG_CXX_LANGUAGE_STANDARD = "gnu++20";
				CLANG_ENABLE_MODULES = YES;
				CLANG_ENABLE_OBJC_ARC = YES;
				CLANG_ENABLE_OBJC_WEAK = YES;
				CLANG_WARN_BLOCK_CAPTURE_AUTORELEASING = YES;
				CLANG_WARN_BOOL_CONVERSION = YES;
				CLANG_WARN_COMMA = YES;
				CLANG_WARN_CONSTANT_CONVERSION = YES;
				CLANG_WARN_DEPRECATED_OBJC_IMPLEMENTATIONS = YES;
				CLANG_WARN_DIRECT_OBJC_ISA_USAGE = YES_ERROR;
				CLANG_WARN_DOCUMENTATION_COMMENTS = YES;
				CLANG_WARN_EMPTY_BODY = YES;
				CLANG_WARN_ENUM_CONVERSION = YES;
				CLANG_WARN_INFINITE_RECURSION = YES;
				CLANG_WARN_INT_CONVERSION = YES;
				CLANG_WARN_NON_LITERAL_NULL_CONVERSION = YES;
				CLANG_WARN_OBJC_IMPLICIT_RETAIN_SELF = YES;
				CLANG_WARN_OBJC_LITERAL_CONVERSION = YES;
				CLANG_WARN_OBJC_ROOT_CLASS = YES_ERROR;
				CLANG_WARN_QUOTED_INCLUDE_IN_FRAMEWORK_HEADER = YES;
				CLANG_WARN_RANGE_LOOP_ANALYSIS = YES;
				CLANG_WARN_STRICT_PROTOTYPES = YES;
				CLANG_WARN_SUSPICIOUS_MOVE = YES;
				CLANG_WARN_UNGUARDED_AVAILABILITY = YES_AGGRESSIVE;
				CLANG_WARN_UNREACHABLE_CODE = YES;
				CLANG_WARN__DUPLICATE_METHOD_MATCH = YES;
				COPY_PHASE_STRIP = NO;
				DEBUG_INFORMATION_FORMAT = dwarf;
				ENABLE_STRICT_OBJC_MSGSEND = YES;
				ENABLE_TESTABILITY = YES;
				ENABLE_USER_SCRIPT_SANDBOXING = YES;
				GCC_C_LANGUAGE_STANDARD = gnu11;
				GCC_DYNAMIC_NO_PIC = NO;
				GCC_NO_COMMON_BLOCKS = YES;
				GCC_OPTIMIZATION_LEVEL = 0;
				GCC_PREPROCESSOR_DEFINITIONS = (
					"DEBUG=1",
					"$(inherited)",
				);
				GCC_WARN_64_TO_32_BIT_CONVERSION = YES;
				GCC_WARN_ABOUT_RETURN_TYPE = YES_ERROR;
				GCC_WARN_UNDECLARED_SELECTOR = YES;
				GCC_WARN_UNINITIALIZED_AUTOS = YES_AGGRESSIVE;
				GCC_WARN_UNUSED_FUNCTION = YES;
				GCC_WARN_UNUSED_VARIABLE = YES;
				IPHONEOS_DEPLOYMENT_TARGET = 15.0;
				MTL_ENABLE_DEBUG_INFO = INCLUDE_SOURCE;
				MTL_FAST_MATH = YES;
				ONLY_ACTIVE_ARCH = YES;
				SDKROOT = iphoneos;
				SWIFT_ACTIVE_COMPILATION_CONDITIONS = DEBUG;
				SWIFT_OPTIMIZATION_LEVEL = "-Onone";
			};
			name = Debug;
		};
		2736745C2AC3061E003ADE3F /* Release */ = {
			isa = XCBuildConfiguration;
			buildSettings = {
				ALWAYS_SEARCH_USER_PATHS = NO;
				CLANG_ANALYZER_NONNULL = YES;
				CLANG_ANALYZER_NUMBER_OBJECT_CONVERSION = YES_AGGRESSIVE;
				CLANG_CXX_LANGUAGE_STANDARD = "gnu++20";
				CLANG_ENABLE_MODULES = YES;
				CLANG_ENABLE_OBJC_ARC = YES;
				CLANG_ENABLE_OBJC_WEAK = YES;
				CLANG_WARN_BLOCK_CAPTURE_AUTORELEASING = YES;
				CLANG_WARN_BOOL_CONVERSION = YES;
				CLANG_WARN_COMMA = YES;
				CLANG_WARN_CONSTANT_CONVERSION = YES;
				CLANG_WARN_DEPRECATED_OBJC_IMPLEMENTATIONS = YES;
				CLANG_WARN_DIRECT_OBJC_ISA_USAGE = YES_ERROR;
				CLANG_WARN_DOCUMENTATION_COMMENTS = YES;
				CLANG_WARN_EMPTY_BODY = YES;
				CLANG_WARN_ENUM_CONVERSION = YES;
				CLANG_WARN_INFINITE_RECURSION = YES;
				CLANG_WARN_INT_CONVERSION = YES;
				CLANG_WARN_NON_LITERAL_NULL_CONVERSION = YES;
				CLANG_WARN_OBJC_IMPLICIT_RETAIN_SELF = YES;
				CLANG_WARN_OBJC_LITERAL_CONVERSION = YES;
				CLANG_WARN_OBJC_ROOT_CLASS = YES_ERROR;
				CLANG_WARN_QUOTED_INCLUDE_IN_FRAMEWORK_HEADER = YES;
				CLANG_WARN_RANGE_LOOP_ANALYSIS = YES;
				CLANG_WARN_STRICT_PROTOTYPES = YES;
				CLANG_WARN_SUSPICIOUS_MOVE = YES;
				CLANG_WARN_UNGUARDED_AVAILABILITY = YES_AGGRESSIVE;
				CLANG_WARN_UNREACHABLE_CODE = YES;
				CLANG_WARN__DUPLICATE_METHOD_MATCH = YES;
				COPY_PHASE_STRIP = NO;
				DEBUG_INFORMATION_FORMAT = "dwarf-with-dsym";
				ENABLE_NS_ASSERTIONS = NO;
				ENABLE_STRICT_OBJC_MSGSEND = YES;
				ENABLE_USER_SCRIPT_SANDBOXING = YES;
				GCC_C_LANGUAGE_STANDARD = gnu11;
				GCC_NO_COMMON_BLOCKS = YES;
				GCC_WARN_64_TO_32_BIT_CONVERSION = YES;
				GCC_WARN_ABOUT_RETURN_TYPE = YES_ERROR;
				GCC_WARN_UNDECLARED_SELECTOR = YES;
				GCC_WARN_UNINITIALIZED_AUTOS = YES_AGGRESSIVE;
				GCC_WARN_UNUSED_FUNCTION = YES;
				GCC_WARN_UNUSED_VARIABLE = YES;
				IPHONEOS_DEPLOYMENT_TARGET = 15.0;
				MTL_ENABLE_DEBUG_INFO = NO;
				MTL_FAST_MATH = YES;
				SDKROOT = iphoneos;
				SWIFT_COMPILATION_MODE = wholemodule;
				SWIFT_OPTIMIZATION_LEVEL = "-O";
				VALIDATE_PRODUCT = YES;
			};
			name = Release;
		};
		2736745E2AC3061E003ADE3F /* Debug */ = {
			isa = XCBuildConfiguration;
			buildSettings = {
				ASSETCATALOG_COMPILER_APPICON_NAME = AppIcon;
				ASSETCATALOG_COMPILER_GLOBAL_ACCENT_COLOR_NAME = AccentColor;
				CODE_SIGN_ENTITLEMENTS = "Around-Football/Around-Football.entitlements";
				CODE_SIGN_STYLE = Automatic;
				CURRENT_PROJECT_VERSION = 1;
				DEVELOPMENT_TEAM = K9NKZR257N;
				GENERATE_INFOPLIST_FILE = YES;
				INFOPLIST_FILE = "Around-Football/Info.plist";
				INFOPLIST_KEY_NSLocationWhenInUseUsageDescription = "\"현재 위치사용을 허용하시겠습니까?\"";
				INFOPLIST_KEY_UIApplicationSupportsIndirectInputEvents = YES;
				INFOPLIST_KEY_UILaunchStoryboardName = LaunchScreen;
				INFOPLIST_KEY_UIMainStoryboardFile = Main;
				INFOPLIST_KEY_UISupportedInterfaceOrientations_iPad = "UIInterfaceOrientationPortrait UIInterfaceOrientationPortraitUpsideDown UIInterfaceOrientationLandscapeLeft UIInterfaceOrientationLandscapeRight";
				INFOPLIST_KEY_UISupportedInterfaceOrientations_iPhone = "UIInterfaceOrientationPortrait UIInterfaceOrientationLandscapeLeft UIInterfaceOrientationLandscapeRight";
				IPHONEOS_DEPLOYMENT_TARGET = 15.0;
				LD_RUNPATH_SEARCH_PATHS = (
					"$(inherited)",
					"@executable_path/Frameworks",
				);
				MARKETING_VERSION = 1.0;
				OTHER_LDFLAGS = (
					"-Xlinker",
					"-no_warn_duplicate_libraries",
				);
				PRODUCT_BUNDLE_IDENTIFIER = "com.changhyun-kyle.Around-Football.service";
				PRODUCT_NAME = "$(TARGET_NAME)";
				SWIFT_EMIT_LOC_STRINGS = YES;
				SWIFT_VERSION = 5.0;
				TARGETED_DEVICE_FAMILY = "1,2";
			};
			name = Debug;
		};
		2736745F2AC3061E003ADE3F /* Release */ = {
			isa = XCBuildConfiguration;
			buildSettings = {
				ASSETCATALOG_COMPILER_APPICON_NAME = AppIcon;
				ASSETCATALOG_COMPILER_GLOBAL_ACCENT_COLOR_NAME = AccentColor;
				CODE_SIGN_ENTITLEMENTS = "Around-Football/Around-Football.entitlements";
				CODE_SIGN_STYLE = Automatic;
				CURRENT_PROJECT_VERSION = 1;
				DEVELOPMENT_TEAM = K9NKZR257N;
				GENERATE_INFOPLIST_FILE = YES;
				INFOPLIST_FILE = "Around-Football/Info.plist";
				INFOPLIST_KEY_NSLocationWhenInUseUsageDescription = "\"현재 위치사용을 허용하시겠습니까?\"";
				INFOPLIST_KEY_UIApplicationSupportsIndirectInputEvents = YES;
				INFOPLIST_KEY_UILaunchStoryboardName = LaunchScreen;
				INFOPLIST_KEY_UIMainStoryboardFile = Main;
				INFOPLIST_KEY_UISupportedInterfaceOrientations_iPad = "UIInterfaceOrientationPortrait UIInterfaceOrientationPortraitUpsideDown UIInterfaceOrientationLandscapeLeft UIInterfaceOrientationLandscapeRight";
				INFOPLIST_KEY_UISupportedInterfaceOrientations_iPhone = "UIInterfaceOrientationPortrait UIInterfaceOrientationLandscapeLeft UIInterfaceOrientationLandscapeRight";
				IPHONEOS_DEPLOYMENT_TARGET = 15.0;
				LD_RUNPATH_SEARCH_PATHS = (
					"$(inherited)",
					"@executable_path/Frameworks",
				);
				MARKETING_VERSION = 1.0;
				PRODUCT_BUNDLE_IDENTIFIER = "com.changhyun-kyle.Around-Football.service";
				PRODUCT_NAME = "$(TARGET_NAME)";
				SWIFT_EMIT_LOC_STRINGS = YES;
				SWIFT_VERSION = 5.0;
				TARGETED_DEVICE_FAMILY = "1,2";
			};
			name = Release;
		};
/* End XCBuildConfiguration section */

/* Begin XCConfigurationList section */
		273674442AC3061C003ADE3F /* Build configuration list for PBXProject "Around-Football" */ = {
			isa = XCConfigurationList;
			buildConfigurations = (
				2736745B2AC3061E003ADE3F /* Debug */,
				2736745C2AC3061E003ADE3F /* Release */,
			);
			defaultConfigurationIsVisible = 0;
			defaultConfigurationName = Release;
		};
		2736745D2AC3061E003ADE3F /* Build configuration list for PBXNativeTarget "Around-Football" */ = {
			isa = XCConfigurationList;
			buildConfigurations = (
				2736745E2AC3061E003ADE3F /* Debug */,
				2736745F2AC3061E003ADE3F /* Release */,
			);
			defaultConfigurationIsVisible = 0;
			defaultConfigurationName = Release;
		};
/* End XCConfigurationList section */

/* Begin XCRemoteSwiftPackageReference section */
		272B44892ADD375700ACEC41 /* XCRemoteSwiftPackageReference "GoogleSignIn-iOS" */ = {
			isa = XCRemoteSwiftPackageReference;
			repositoryURL = "https://github.com/google/GoogleSignIn-iOS";
			requirement = {
				kind = upToNextMajorVersion;
				minimumVersion = 7.0.0;
			};
		};
		273674602AC306D6003ADE3F /* XCRemoteSwiftPackageReference "SnapKit" */ = {
			isa = XCRemoteSwiftPackageReference;
			repositoryURL = "https://github.com/SnapKit/SnapKit.git";
			requirement = {
				kind = upToNextMajorVersion;
				minimumVersion = 5.0.0;
			};
		};
		273674652AC306F0003ADE3F /* XCRemoteSwiftPackageReference "Then" */ = {
			isa = XCRemoteSwiftPackageReference;
			repositoryURL = "https://github.com/devxoul/Then";
			requirement = {
				kind = upToNextMajorVersion;
				minimumVersion = 3.0.0;
			};
		};
		273674682AC3071A003ADE3F /* XCRemoteSwiftPackageReference "RxSwift" */ = {
			isa = XCRemoteSwiftPackageReference;
			repositoryURL = "https://github.com/ReactiveX/RxSwift";
			requirement = {
				kind = upToNextMajorVersion;
				minimumVersion = 6.0.0;
			};
		};
		2736746D2AC30786003ADE3F /* XCRemoteSwiftPackageReference "RxAlamofire" */ = {
			isa = XCRemoteSwiftPackageReference;
			repositoryURL = "https://github.com/RxSwiftCommunity/RxAlamofire";
			requirement = {
				kind = upToNextMajorVersion;
				minimumVersion = 6.0.0;
			};
		};
		273674702AC307D6003ADE3F /* XCRemoteSwiftPackageReference "firebase-ios-sdk" */ = {
			isa = XCRemoteSwiftPackageReference;
			repositoryURL = "https://github.com/firebase/firebase-ios-sdk";
			requirement = {
				kind = upToNextMajorVersion;
				minimumVersion = 10.0.0;
			};
		};
		6650C7352AC9ED6F00055571 /* XCRemoteSwiftPackageReference "KakaoMapsSDK-SPM" */ = {
			isa = XCRemoteSwiftPackageReference;
			repositoryURL = "https://github.com/kakao-mapsSDK/KakaoMapsSDK-SPM.git";
			requirement = {
				kind = upToNextMajorVersion;
				minimumVersion = 2.0.0;
			};
		};
		7C141C632ADA6008002CF180 /* XCRemoteSwiftPackageReference "kakao-ios-sdk" */ = {
			isa = XCRemoteSwiftPackageReference;
			repositoryURL = "https://github.com/kakao/kakao-ios-sdk";
			requirement = {
				kind = upToNextMajorVersion;
				minimumVersion = 2.18.0;
			};
		};
/* End XCRemoteSwiftPackageReference section */

/* Begin XCSwiftPackageProductDependency section */
		272B448A2ADD375700ACEC41 /* GoogleSignIn */ = {
			isa = XCSwiftPackageProductDependency;
			package = 272B44892ADD375700ACEC41 /* XCRemoteSwiftPackageReference "GoogleSignIn-iOS" */;
			productName = GoogleSignIn;
		};
		272B448C2ADD375700ACEC41 /* GoogleSignInSwift */ = {
			isa = XCSwiftPackageProductDependency;
			package = 272B44892ADD375700ACEC41 /* XCRemoteSwiftPackageReference "GoogleSignIn-iOS" */;
			productName = GoogleSignInSwift;
		};
		273674612AC306D6003ADE3F /* SnapKit */ = {
			isa = XCSwiftPackageProductDependency;
			package = 273674602AC306D6003ADE3F /* XCRemoteSwiftPackageReference "SnapKit" */;
			productName = SnapKit;
		};
		273674662AC306F0003ADE3F /* Then */ = {
			isa = XCSwiftPackageProductDependency;
			package = 273674652AC306F0003ADE3F /* XCRemoteSwiftPackageReference "Then" */;
			productName = Then;
		};
		273674692AC3071A003ADE3F /* RxCocoa */ = {
			isa = XCSwiftPackageProductDependency;
			package = 273674682AC3071A003ADE3F /* XCRemoteSwiftPackageReference "RxSwift" */;
			productName = RxCocoa;
		};
		2736746B2AC3071A003ADE3F /* RxSwift */ = {
			isa = XCSwiftPackageProductDependency;
			package = 273674682AC3071A003ADE3F /* XCRemoteSwiftPackageReference "RxSwift" */;
			productName = RxSwift;
		};
		2736746E2AC30786003ADE3F /* RxAlamofire */ = {
			isa = XCSwiftPackageProductDependency;
			package = 2736746D2AC30786003ADE3F /* XCRemoteSwiftPackageReference "RxAlamofire" */;
			productName = RxAlamofire;
		};
		273674712AC307D6003ADE3F /* FirebaseAuth */ = {
			isa = XCSwiftPackageProductDependency;
			package = 273674702AC307D6003ADE3F /* XCRemoteSwiftPackageReference "firebase-ios-sdk" */;
			productName = FirebaseAuth;
		};
		273674732AC307D6003ADE3F /* FirebaseFirestore */ = {
			isa = XCSwiftPackageProductDependency;
			package = 273674702AC307D6003ADE3F /* XCRemoteSwiftPackageReference "firebase-ios-sdk" */;
			productName = FirebaseFirestore;
		};
		273674752AC307D6003ADE3F /* FirebaseFirestoreSwift */ = {
			isa = XCSwiftPackageProductDependency;
			package = 273674702AC307D6003ADE3F /* XCRemoteSwiftPackageReference "firebase-ios-sdk" */;
			productName = FirebaseFirestoreSwift;
		};
		6650C7362AC9ED6F00055571 /* KakaoMapsSDK_SPM */ = {
			isa = XCSwiftPackageProductDependency;
			package = 6650C7352AC9ED6F00055571 /* XCRemoteSwiftPackageReference "KakaoMapsSDK-SPM" */;
			productName = KakaoMapsSDK_SPM;
		};
		7C141C642ADA6008002CF180 /* KakaoSDK */ = {
			isa = XCSwiftPackageProductDependency;
			package = 7C141C632ADA6008002CF180 /* XCRemoteSwiftPackageReference "kakao-ios-sdk" */;
			productName = KakaoSDK;
		};
		7C141C662ADA6008002CF180 /* KakaoSDKAuth */ = {
			isa = XCSwiftPackageProductDependency;
			package = 7C141C632ADA6008002CF180 /* XCRemoteSwiftPackageReference "kakao-ios-sdk" */;
			productName = KakaoSDKAuth;
		};
		7C141C682ADA6008002CF180 /* KakaoSDKCommon */ = {
			isa = XCSwiftPackageProductDependency;
			package = 7C141C632ADA6008002CF180 /* XCRemoteSwiftPackageReference "kakao-ios-sdk" */;
			productName = KakaoSDKCommon;
		};
		7C141C6A2ADA6008002CF180 /* KakaoSDKFriend */ = {
			isa = XCSwiftPackageProductDependency;
			package = 7C141C632ADA6008002CF180 /* XCRemoteSwiftPackageReference "kakao-ios-sdk" */;
			productName = KakaoSDKFriend;
		};
		7C141C6C2ADA6008002CF180 /* KakaoSDKFriendCore */ = {
			isa = XCSwiftPackageProductDependency;
			package = 7C141C632ADA6008002CF180 /* XCRemoteSwiftPackageReference "kakao-ios-sdk" */;
			productName = KakaoSDKFriendCore;
		};
/* End XCSwiftPackageProductDependency section */
	};
	rootObject = 273674412AC3061C003ADE3F /* Project object */;
}
